// !$*UTF8*$!
{
	archiveVersion = 1;
	classes = {
	};
	objectVersion = 48;
	objects = {

/* Begin PBXBuildFile section */
		24C58063AE7BAD326FF0D80C /* libPods-MTKit.a in Frameworks */ = {isa = PBXBuildFile; fileRef = FC66A0C4BC5D5F739438FBDB /* libPods-MTKit.a */; };
		4C782BEC200F346900DBE3C2 /* NSUserDefaults+MTExt.h in Headers */ = {isa = PBXBuildFile; fileRef = 4C782BEA200F346900DBE3C2 /* NSUserDefaults+MTExt.h */; };
		4C782BED200F346900DBE3C2 /* NSUserDefaults+MTExt.m in Sources */ = {isa = PBXBuildFile; fileRef = 4C782BEB200F346900DBE3C2 /* NSUserDefaults+MTExt.m */; };
		4C782BF2200F35D600DBE3C2 /* CALayer+MTExt.h in Headers */ = {isa = PBXBuildFile; fileRef = 4C782BF0200F35D600DBE3C2 /* CALayer+MTExt.h */; };
		4C782BF3200F35D600DBE3C2 /* CALayer+MTExt.m in Sources */ = {isa = PBXBuildFile; fileRef = 4C782BF1200F35D600DBE3C2 /* CALayer+MTExt.m */; };
		4C782BF8200F362900DBE3C2 /* UILabel+MTExt.h in Headers */ = {isa = PBXBuildFile; fileRef = 4C782BF6200F362900DBE3C2 /* UILabel+MTExt.h */; };
		4C782BF9200F362900DBE3C2 /* UILabel+MTExt.m in Sources */ = {isa = PBXBuildFile; fileRef = 4C782BF7200F362900DBE3C2 /* UILabel+MTExt.m */; };
		4C782BFD200F372400DBE3C2 /* UIViewController+MTExtBack.h in Headers */ = {isa = PBXBuildFile; fileRef = 4C782BFB200F372400DBE3C2 /* UIViewController+MTExtBack.h */; };
		4C782BFE200F372400DBE3C2 /* UIViewController+MTExtBack.m in Sources */ = {isa = PBXBuildFile; fileRef = 4C782BFC200F372400DBE3C2 /* UIViewController+MTExtBack.m */; };
		4C782C02200F379F00DBE3C2 /* UIView+MTExt.h in Headers */ = {isa = PBXBuildFile; fileRef = 4C782C00200F379F00DBE3C2 /* UIView+MTExt.h */; };
		4C782C03200F379F00DBE3C2 /* UIView+MTExt.m in Sources */ = {isa = PBXBuildFile; fileRef = 4C782C01200F379F00DBE3C2 /* UIView+MTExt.m */; };
		4C782C06200F382B00DBE3C2 /* UIView+MTExtTouchArea.h in Headers */ = {isa = PBXBuildFile; fileRef = 4C782C04200F382B00DBE3C2 /* UIView+MTExtTouchArea.h */; };
		4C782C07200F382B00DBE3C2 /* UIView+MTExtTouchArea.m in Sources */ = {isa = PBXBuildFile; fileRef = 4C782C05200F382B00DBE3C2 /* UIView+MTExtTouchArea.m */; };
		4C782C0B200F38E800DBE3C2 /* UITextView+MTExt.h in Headers */ = {isa = PBXBuildFile; fileRef = 4C782C09200F38E800DBE3C2 /* UITextView+MTExt.h */; };
		4C782C0C200F38E800DBE3C2 /* UITextView+MTExt.m in Sources */ = {isa = PBXBuildFile; fileRef = 4C782C0A200F38E800DBE3C2 /* UITextView+MTExt.m */; };
		4C782C10200F399F00DBE3C2 /* UITextField+MTExt.h in Headers */ = {isa = PBXBuildFile; fileRef = 4C782C0E200F399F00DBE3C2 /* UITextField+MTExt.h */; };
		4C782C11200F399F00DBE3C2 /* UITextField+MTExt.m in Sources */ = {isa = PBXBuildFile; fileRef = 4C782C0F200F399F00DBE3C2 /* UITextField+MTExt.m */; };
		4C782C15200F3B1200DBE3C2 /* UITableView+MTExt.h in Headers */ = {isa = PBXBuildFile; fileRef = 4C782C13200F3B1200DBE3C2 /* UITableView+MTExt.h */; };
		4C782C16200F3B1200DBE3C2 /* UITableView+MTExt.m in Sources */ = {isa = PBXBuildFile; fileRef = 4C782C14200F3B1200DBE3C2 /* UITableView+MTExt.m */; };
		4C782C1A200F3C7D00DBE3C2 /* UIScrollView+MTExt.h in Headers */ = {isa = PBXBuildFile; fileRef = 4C782C18200F3C7D00DBE3C2 /* UIScrollView+MTExt.h */; };
		4C782C1B200F3C7D00DBE3C2 /* UIScrollView+MTExt.m in Sources */ = {isa = PBXBuildFile; fileRef = 4C782C19200F3C7D00DBE3C2 /* UIScrollView+MTExt.m */; };
		4C782C1F200F3CE000DBE3C2 /* UINavigationController+MTExt.h in Headers */ = {isa = PBXBuildFile; fileRef = 4C782C1D200F3CE000DBE3C2 /* UINavigationController+MTExt.h */; };
		4C782C20200F3CE000DBE3C2 /* UINavigationController+MTExt.m in Sources */ = {isa = PBXBuildFile; fileRef = 4C782C1E200F3CE000DBE3C2 /* UINavigationController+MTExt.m */; };
		4C782C24200F3D4200DBE3C2 /* UINavigationBar+MTExtBGColor.h in Headers */ = {isa = PBXBuildFile; fileRef = 4C782C22200F3D4200DBE3C2 /* UINavigationBar+MTExtBGColor.h */; };
		4C782C25200F3D4200DBE3C2 /* UINavigationBar+MTExtBGColor.m in Sources */ = {isa = PBXBuildFile; fileRef = 4C782C23200F3D4200DBE3C2 /* UINavigationBar+MTExtBGColor.m */; };
		4C782C29200F3DB100DBE3C2 /* UIImageView+MTExt.h in Headers */ = {isa = PBXBuildFile; fileRef = 4C782C27200F3DB100DBE3C2 /* UIImageView+MTExt.h */; };
		4C782C2A200F3DB100DBE3C2 /* UIImageView+MTExt.m in Sources */ = {isa = PBXBuildFile; fileRef = 4C782C28200F3DB100DBE3C2 /* UIImageView+MTExt.m */; };
		4C782C2E200F3F7100DBE3C2 /* UIImage+MTExt.h in Headers */ = {isa = PBXBuildFile; fileRef = 4C782C2C200F3F7100DBE3C2 /* UIImage+MTExt.h */; };
		4C782C2F200F3F7100DBE3C2 /* UIImage+MTExt.m in Sources */ = {isa = PBXBuildFile; fileRef = 4C782C2D200F3F7100DBE3C2 /* UIImage+MTExt.m */; };
		4C782C33200F42DD00DBE3C2 /* YYCGUtilities.m in Sources */ = {isa = PBXBuildFile; fileRef = 4C782C31200F42DD00DBE3C2 /* YYCGUtilities.m */; };
		4C782C34200F42DD00DBE3C2 /* YYCGUtilities.h in Headers */ = {isa = PBXBuildFile; fileRef = 4C782C32200F42DD00DBE3C2 /* YYCGUtilities.h */; };
		4C782C37200F433300DBE3C2 /* UIImage+MTExtEffect.h in Headers */ = {isa = PBXBuildFile; fileRef = 4C782C35200F433200DBE3C2 /* UIImage+MTExtEffect.h */; };
		4C782C38200F433300DBE3C2 /* UIImage+MTExtEffect.m in Sources */ = {isa = PBXBuildFile; fileRef = 4C782C36200F433200DBE3C2 /* UIImage+MTExtEffect.m */; };
		4C782C3C200F43A500DBE3C2 /* UIGestureRecognizer+MTExt.h in Headers */ = {isa = PBXBuildFile; fileRef = 4C782C3A200F43A500DBE3C2 /* UIGestureRecognizer+MTExt.h */; };
		4C782C3D200F43A500DBE3C2 /* UIGestureRecognizer+MTExt.m in Sources */ = {isa = PBXBuildFile; fileRef = 4C782C3B200F43A500DBE3C2 /* UIGestureRecognizer+MTExt.m */; };
		4C782C41200F443000DBE3C2 /* UIFont+MTExt.h in Headers */ = {isa = PBXBuildFile; fileRef = 4C782C3F200F443000DBE3C2 /* UIFont+MTExt.h */; };
		4C782C42200F443000DBE3C2 /* UIFont+MTExt.m in Sources */ = {isa = PBXBuildFile; fileRef = 4C782C40200F443000DBE3C2 /* UIFont+MTExt.m */; };
		4C782C46200F44AD00DBE3C2 /* UIDevice+MTExt.h in Headers */ = {isa = PBXBuildFile; fileRef = 4C782C44200F44AD00DBE3C2 /* UIDevice+MTExt.h */; };
		4C782C47200F44AD00DBE3C2 /* UIDevice+MTExt.m in Sources */ = {isa = PBXBuildFile; fileRef = 4C782C45200F44AD00DBE3C2 /* UIDevice+MTExt.m */; };
		FDC6FBDC2005B13800DADE06 /* NSDate+MTExtInternetDate.h in Headers */ = {isa = PBXBuildFile; fileRef = FDC6FBDA2005B13800DADE06 /* NSDate+MTExtInternetDate.h */; };
		FDC6FBDD2005B13800DADE06 /* NSDate+MTExtInternetDate.m in Sources */ = {isa = PBXBuildFile; fileRef = FDC6FBDB2005B13800DADE06 /* NSDate+MTExtInternetDate.m */; };
		FDC6FBE12005B56000DADE06 /* NSDictionary+MTExt.h in Headers */ = {isa = PBXBuildFile; fileRef = FDC6FBDF2005B56000DADE06 /* NSDictionary+MTExt.h */; };
		FDC6FBE22005B56000DADE06 /* NSDictionary+MTExt.m in Sources */ = {isa = PBXBuildFile; fileRef = FDC6FBE02005B56000DADE06 /* NSDictionary+MTExt.m */; };
		FDC6FBE52005B64500DADE06 /* NSDictionary+MTExtUrlParam.h in Headers */ = {isa = PBXBuildFile; fileRef = FDC6FBE32005B64500DADE06 /* NSDictionary+MTExtUrlParam.h */; };
		FDC6FBE62005B64500DADE06 /* NSDictionary+MTExtUrlParam.m in Sources */ = {isa = PBXBuildFile; fileRef = FDC6FBE42005B64500DADE06 /* NSDictionary+MTExtUrlParam.m */; };
		FDC6FBEA2005B6FD00DADE06 /* NSNumber+MTExt.h in Headers */ = {isa = PBXBuildFile; fileRef = FDC6FBE82005B6FD00DADE06 /* NSNumber+MTExt.h */; };
		FDC6FBEB2005B6FD00DADE06 /* NSNumber+MTExt.m in Sources */ = {isa = PBXBuildFile; fileRef = FDC6FBE92005B6FD00DADE06 /* NSNumber+MTExt.m */; };
		FDC6FBF62005BA9300DADE06 /* NSObject+MTExt.h in Headers */ = {isa = PBXBuildFile; fileRef = FDC6FBF42005BA9300DADE06 /* NSObject+MTExt.h */; };
		FDC6FBF72005BA9300DADE06 /* NSObject+MTExt.m in Sources */ = {isa = PBXBuildFile; fileRef = FDC6FBF52005BA9300DADE06 /* NSObject+MTExt.m */; };
		FDC6FBFB2005BB1700DADE06 /* NSString+MtExt.h in Headers */ = {isa = PBXBuildFile; fileRef = FDC6FBF92005BB1700DADE06 /* NSString+MtExt.h */; };
		FDC6FBFC2005BB1700DADE06 /* NSString+MtExt.m in Sources */ = {isa = PBXBuildFile; fileRef = FDC6FBFA2005BB1700DADE06 /* NSString+MtExt.m */; };
		FDC6FBFF2005BFA500DADE06 /* NSString+MTExtFrame.h in Headers */ = {isa = PBXBuildFile; fileRef = FDC6FBFD2005BFA500DADE06 /* NSString+MTExtFrame.h */; };
		FDC6FC002005BFA500DADE06 /* NSString+MTExtFrame.m in Sources */ = {isa = PBXBuildFile; fileRef = FDC6FBFE2005BFA500DADE06 /* NSString+MTExtFrame.m */; };
		FDC6FC032005C08400DADE06 /* NSString+MTExtHash.h in Headers */ = {isa = PBXBuildFile; fileRef = FDC6FC012005C08400DADE06 /* NSString+MTExtHash.h */; };
		FDC6FC042005C08400DADE06 /* NSString+MTExtHash.m in Sources */ = {isa = PBXBuildFile; fileRef = FDC6FC022005C08400DADE06 /* NSString+MTExtHash.m */; };
		FDC6FC072005C13200DADE06 /* NSString+MTExtVertify.h in Headers */ = {isa = PBXBuildFile; fileRef = FDC6FC052005C13200DADE06 /* NSString+MTExtVertify.h */; };
		FDC6FC082005C13200DADE06 /* NSString+MTExtVertify.m in Sources */ = {isa = PBXBuildFile; fileRef = FDC6FC062005C13200DADE06 /* NSString+MTExtVertify.m */; };
		FDC6FC0C2005C22800DADE06 /* NSTimer+MTExt.h in Headers */ = {isa = PBXBuildFile; fileRef = FDC6FC0A2005C22800DADE06 /* NSTimer+MTExt.h */; };
		FDC6FC0D2005C22800DADE06 /* NSTimer+MTExt.m in Sources */ = {isa = PBXBuildFile; fileRef = FDC6FC0B2005C22800DADE06 /* NSTimer+MTExt.m */; };
		FDF0DA242004B85600E53015 /* MTKit.h in Headers */ = {isa = PBXBuildFile; fileRef = FDF0DA222004B85600E53015 /* MTKit.h */; settings = {ATTRIBUTES = (Public, ); }; };
		FDF0DA312004C62300E53015 /* NSData+MTExt.h in Headers */ = {isa = PBXBuildFile; fileRef = FDF0DA2F2004C62300E53015 /* NSData+MTExt.h */; };
		FDF0DA322004C62300E53015 /* NSData+MTExt.m in Sources */ = {isa = PBXBuildFile; fileRef = FDF0DA302004C62300E53015 /* NSData+MTExt.m */; };
		FDF0DA362004C8F100E53015 /* NSDate+MTExtFormat.h in Headers */ = {isa = PBXBuildFile; fileRef = FDF0DA342004C8F100E53015 /* NSDate+MTExtFormat.h */; };
		FDF0DA372004C8F100E53015 /* NSDate+MTExtFormat.m in Sources */ = {isa = PBXBuildFile; fileRef = FDF0DA352004C8F100E53015 /* NSDate+MTExtFormat.m */; };
		FDF0DA3A2004C9ED00E53015 /* NSDate+MTExt.h in Headers */ = {isa = PBXBuildFile; fileRef = FDF0DA382004C9ED00E53015 /* NSDate+MTExt.h */; };
		FDF0DA3B2004C9ED00E53015 /* NSDate+MTExt.m in Sources */ = {isa = PBXBuildFile; fileRef = FDF0DA392004C9ED00E53015 /* NSDate+MTExt.m */; };
/* End PBXBuildFile section */

/* Begin PBXFileReference section */
		0256BA0E6A032FFAD3E79954 /* Pods-MTKit.debug.xcconfig */ = {isa = PBXFileReference; includeInIndex = 1; lastKnownFileType = text.xcconfig; name = "Pods-MTKit.debug.xcconfig"; path = "Pods/Target Support Files/Pods-MTKit/Pods-MTKit.debug.xcconfig"; sourceTree = "<group>"; };
		4C782BEA200F346900DBE3C2 /* NSUserDefaults+MTExt.h */ = {isa = PBXFileReference; lastKnownFileType = sourcecode.c.h; path = "NSUserDefaults+MTExt.h"; sourceTree = "<group>"; };
		4C782BEB200F346900DBE3C2 /* NSUserDefaults+MTExt.m */ = {isa = PBXFileReference; lastKnownFileType = sourcecode.c.objc; path = "NSUserDefaults+MTExt.m"; sourceTree = "<group>"; };
		4C782BEE200F357400DBE3C2 /* MT_FoundationHeader.h */ = {isa = PBXFileReference; lastKnownFileType = sourcecode.c.h; path = MT_FoundationHeader.h; sourceTree = "<group>"; };
		4C782BF0200F35D600DBE3C2 /* CALayer+MTExt.h */ = {isa = PBXFileReference; lastKnownFileType = sourcecode.c.h; path = "CALayer+MTExt.h"; sourceTree = "<group>"; };
		4C782BF1200F35D600DBE3C2 /* CALayer+MTExt.m */ = {isa = PBXFileReference; lastKnownFileType = sourcecode.c.objc; path = "CALayer+MTExt.m"; sourceTree = "<group>"; };
		4C782BF6200F362900DBE3C2 /* UILabel+MTExt.h */ = {isa = PBXFileReference; lastKnownFileType = sourcecode.c.h; path = "UILabel+MTExt.h"; sourceTree = "<group>"; };
		4C782BF7200F362900DBE3C2 /* UILabel+MTExt.m */ = {isa = PBXFileReference; lastKnownFileType = sourcecode.c.objc; path = "UILabel+MTExt.m"; sourceTree = "<group>"; };
		4C782BFB200F372400DBE3C2 /* UIViewController+MTExtBack.h */ = {isa = PBXFileReference; lastKnownFileType = sourcecode.c.h; path = "UIViewController+MTExtBack.h"; sourceTree = "<group>"; };
		4C782BFC200F372400DBE3C2 /* UIViewController+MTExtBack.m */ = {isa = PBXFileReference; lastKnownFileType = sourcecode.c.objc; path = "UIViewController+MTExtBack.m"; sourceTree = "<group>"; };
		4C782C00200F379F00DBE3C2 /* UIView+MTExt.h */ = {isa = PBXFileReference; lastKnownFileType = sourcecode.c.h; path = "UIView+MTExt.h"; sourceTree = "<group>"; };
		4C782C01200F379F00DBE3C2 /* UIView+MTExt.m */ = {isa = PBXFileReference; lastKnownFileType = sourcecode.c.objc; path = "UIView+MTExt.m"; sourceTree = "<group>"; };
		4C782C04200F382B00DBE3C2 /* UIView+MTExtTouchArea.h */ = {isa = PBXFileReference; lastKnownFileType = sourcecode.c.h; path = "UIView+MTExtTouchArea.h"; sourceTree = "<group>"; };
		4C782C05200F382B00DBE3C2 /* UIView+MTExtTouchArea.m */ = {isa = PBXFileReference; lastKnownFileType = sourcecode.c.objc; path = "UIView+MTExtTouchArea.m"; sourceTree = "<group>"; };
		4C782C09200F38E800DBE3C2 /* UITextView+MTExt.h */ = {isa = PBXFileReference; lastKnownFileType = sourcecode.c.h; path = "UITextView+MTExt.h"; sourceTree = "<group>"; };
		4C782C0A200F38E800DBE3C2 /* UITextView+MTExt.m */ = {isa = PBXFileReference; lastKnownFileType = sourcecode.c.objc; path = "UITextView+MTExt.m"; sourceTree = "<group>"; };
		4C782C0E200F399F00DBE3C2 /* UITextField+MTExt.h */ = {isa = PBXFileReference; lastKnownFileType = sourcecode.c.h; path = "UITextField+MTExt.h"; sourceTree = "<group>"; };
		4C782C0F200F399F00DBE3C2 /* UITextField+MTExt.m */ = {isa = PBXFileReference; lastKnownFileType = sourcecode.c.objc; path = "UITextField+MTExt.m"; sourceTree = "<group>"; };
		4C782C13200F3B1200DBE3C2 /* UITableView+MTExt.h */ = {isa = PBXFileReference; lastKnownFileType = sourcecode.c.h; path = "UITableView+MTExt.h"; sourceTree = "<group>"; };
		4C782C14200F3B1200DBE3C2 /* UITableView+MTExt.m */ = {isa = PBXFileReference; lastKnownFileType = sourcecode.c.objc; path = "UITableView+MTExt.m"; sourceTree = "<group>"; };
		4C782C18200F3C7D00DBE3C2 /* UIScrollView+MTExt.h */ = {isa = PBXFileReference; lastKnownFileType = sourcecode.c.h; path = "UIScrollView+MTExt.h"; sourceTree = "<group>"; };
		4C782C19200F3C7D00DBE3C2 /* UIScrollView+MTExt.m */ = {isa = PBXFileReference; lastKnownFileType = sourcecode.c.objc; path = "UIScrollView+MTExt.m"; sourceTree = "<group>"; };
		4C782C1D200F3CE000DBE3C2 /* UINavigationController+MTExt.h */ = {isa = PBXFileReference; lastKnownFileType = sourcecode.c.h; path = "UINavigationController+MTExt.h"; sourceTree = "<group>"; };
		4C782C1E200F3CE000DBE3C2 /* UINavigationController+MTExt.m */ = {isa = PBXFileReference; lastKnownFileType = sourcecode.c.objc; path = "UINavigationController+MTExt.m"; sourceTree = "<group>"; };
		4C782C22200F3D4200DBE3C2 /* UINavigationBar+MTExtBGColor.h */ = {isa = PBXFileReference; lastKnownFileType = sourcecode.c.h; path = "UINavigationBar+MTExtBGColor.h"; sourceTree = "<group>"; };
		4C782C23200F3D4200DBE3C2 /* UINavigationBar+MTExtBGColor.m */ = {isa = PBXFileReference; lastKnownFileType = sourcecode.c.objc; path = "UINavigationBar+MTExtBGColor.m"; sourceTree = "<group>"; };
		4C782C27200F3DB100DBE3C2 /* UIImageView+MTExt.h */ = {isa = PBXFileReference; lastKnownFileType = sourcecode.c.h; path = "UIImageView+MTExt.h"; sourceTree = "<group>"; };
		4C782C28200F3DB100DBE3C2 /* UIImageView+MTExt.m */ = {isa = PBXFileReference; lastKnownFileType = sourcecode.c.objc; path = "UIImageView+MTExt.m"; sourceTree = "<group>"; };
		4C782C2C200F3F7100DBE3C2 /* UIImage+MTExt.h */ = {isa = PBXFileReference; lastKnownFileType = sourcecode.c.h; path = "UIImage+MTExt.h"; sourceTree = "<group>"; };
		4C782C2D200F3F7100DBE3C2 /* UIImage+MTExt.m */ = {isa = PBXFileReference; lastKnownFileType = sourcecode.c.objc; path = "UIImage+MTExt.m"; sourceTree = "<group>"; };
		4C782C31200F42DD00DBE3C2 /* YYCGUtilities.m */ = {isa = PBXFileReference; fileEncoding = 4; lastKnownFileType = sourcecode.c.objc; path = YYCGUtilities.m; sourceTree = "<group>"; };
		4C782C32200F42DD00DBE3C2 /* YYCGUtilities.h */ = {isa = PBXFileReference; fileEncoding = 4; lastKnownFileType = sourcecode.c.h; path = YYCGUtilities.h; sourceTree = "<group>"; };
		4C782C35200F433200DBE3C2 /* UIImage+MTExtEffect.h */ = {isa = PBXFileReference; lastKnownFileType = sourcecode.c.h; path = "UIImage+MTExtEffect.h"; sourceTree = "<group>"; };
		4C782C36200F433200DBE3C2 /* UIImage+MTExtEffect.m */ = {isa = PBXFileReference; lastKnownFileType = sourcecode.c.objc; path = "UIImage+MTExtEffect.m"; sourceTree = "<group>"; };
		4C782C3A200F43A500DBE3C2 /* UIGestureRecognizer+MTExt.h */ = {isa = PBXFileReference; lastKnownFileType = sourcecode.c.h; path = "UIGestureRecognizer+MTExt.h"; sourceTree = "<group>"; };
		4C782C3B200F43A500DBE3C2 /* UIGestureRecognizer+MTExt.m */ = {isa = PBXFileReference; lastKnownFileType = sourcecode.c.objc; path = "UIGestureRecognizer+MTExt.m"; sourceTree = "<group>"; };
		4C782C3F200F443000DBE3C2 /* UIFont+MTExt.h */ = {isa = PBXFileReference; lastKnownFileType = sourcecode.c.h; path = "UIFont+MTExt.h"; sourceTree = "<group>"; };
		4C782C40200F443000DBE3C2 /* UIFont+MTExt.m */ = {isa = PBXFileReference; lastKnownFileType = sourcecode.c.objc; path = "UIFont+MTExt.m"; sourceTree = "<group>"; };
		4C782C44200F44AD00DBE3C2 /* UIDevice+MTExt.h */ = {isa = PBXFileReference; lastKnownFileType = sourcecode.c.h; path = "UIDevice+MTExt.h"; sourceTree = "<group>"; };
		4C782C45200F44AD00DBE3C2 /* UIDevice+MTExt.m */ = {isa = PBXFileReference; lastKnownFileType = sourcecode.c.objc; path = "UIDevice+MTExt.m"; sourceTree = "<group>"; };
		F1DFFB573B6D1B8CD2FE0B6A /* Pods-MTKit.release.xcconfig */ = {isa = PBXFileReference; includeInIndex = 1; lastKnownFileType = text.xcconfig; name = "Pods-MTKit.release.xcconfig"; path = "Pods/Target Support Files/Pods-MTKit/Pods-MTKit.release.xcconfig"; sourceTree = "<group>"; };
		FC66A0C4BC5D5F739438FBDB /* libPods-MTKit.a */ = {isa = PBXFileReference; explicitFileType = archive.ar; includeInIndex = 0; path = "libPods-MTKit.a"; sourceTree = BUILT_PRODUCTS_DIR; };
		FDC6FBDA2005B13800DADE06 /* NSDate+MTExtInternetDate.h */ = {isa = PBXFileReference; lastKnownFileType = sourcecode.c.h; path = "NSDate+MTExtInternetDate.h"; sourceTree = "<group>"; };
		FDC6FBDB2005B13800DADE06 /* NSDate+MTExtInternetDate.m */ = {isa = PBXFileReference; lastKnownFileType = sourcecode.c.objc; path = "NSDate+MTExtInternetDate.m"; sourceTree = "<group>"; };
		FDC6FBDF2005B56000DADE06 /* NSDictionary+MTExt.h */ = {isa = PBXFileReference; lastKnownFileType = sourcecode.c.h; path = "NSDictionary+MTExt.h"; sourceTree = "<group>"; };
		FDC6FBE02005B56000DADE06 /* NSDictionary+MTExt.m */ = {isa = PBXFileReference; lastKnownFileType = sourcecode.c.objc; path = "NSDictionary+MTExt.m"; sourceTree = "<group>"; };
		FDC6FBE32005B64500DADE06 /* NSDictionary+MTExtUrlParam.h */ = {isa = PBXFileReference; lastKnownFileType = sourcecode.c.h; path = "NSDictionary+MTExtUrlParam.h"; sourceTree = "<group>"; };
		FDC6FBE42005B64500DADE06 /* NSDictionary+MTExtUrlParam.m */ = {isa = PBXFileReference; lastKnownFileType = sourcecode.c.objc; path = "NSDictionary+MTExtUrlParam.m"; sourceTree = "<group>"; };
		FDC6FBE82005B6FD00DADE06 /* NSNumber+MTExt.h */ = {isa = PBXFileReference; lastKnownFileType = sourcecode.c.h; path = "NSNumber+MTExt.h"; sourceTree = "<group>"; };
		FDC6FBE92005B6FD00DADE06 /* NSNumber+MTExt.m */ = {isa = PBXFileReference; lastKnownFileType = sourcecode.c.objc; path = "NSNumber+MTExt.m"; sourceTree = "<group>"; };
		FDC6FBF42005BA9300DADE06 /* NSObject+MTExt.h */ = {isa = PBXFileReference; lastKnownFileType = sourcecode.c.h; path = "NSObject+MTExt.h"; sourceTree = "<group>"; };
		FDC6FBF52005BA9300DADE06 /* NSObject+MTExt.m */ = {isa = PBXFileReference; lastKnownFileType = sourcecode.c.objc; path = "NSObject+MTExt.m"; sourceTree = "<group>"; };
		FDC6FBF92005BB1700DADE06 /* NSString+MtExt.h */ = {isa = PBXFileReference; lastKnownFileType = sourcecode.c.h; path = "NSString+MtExt.h"; sourceTree = "<group>"; };
		FDC6FBFA2005BB1700DADE06 /* NSString+MtExt.m */ = {isa = PBXFileReference; lastKnownFileType = sourcecode.c.objc; path = "NSString+MtExt.m"; sourceTree = "<group>"; };
		FDC6FBFD2005BFA500DADE06 /* NSString+MTExtFrame.h */ = {isa = PBXFileReference; lastKnownFileType = sourcecode.c.h; path = "NSString+MTExtFrame.h"; sourceTree = "<group>"; };
		FDC6FBFE2005BFA500DADE06 /* NSString+MTExtFrame.m */ = {isa = PBXFileReference; lastKnownFileType = sourcecode.c.objc; path = "NSString+MTExtFrame.m"; sourceTree = "<group>"; };
		FDC6FC012005C08400DADE06 /* NSString+MTExtHash.h */ = {isa = PBXFileReference; lastKnownFileType = sourcecode.c.h; path = "NSString+MTExtHash.h"; sourceTree = "<group>"; };
		FDC6FC022005C08400DADE06 /* NSString+MTExtHash.m */ = {isa = PBXFileReference; lastKnownFileType = sourcecode.c.objc; path = "NSString+MTExtHash.m"; sourceTree = "<group>"; };
		FDC6FC052005C13200DADE06 /* NSString+MTExtVertify.h */ = {isa = PBXFileReference; lastKnownFileType = sourcecode.c.h; path = "NSString+MTExtVertify.h"; sourceTree = "<group>"; };
		FDC6FC062005C13200DADE06 /* NSString+MTExtVertify.m */ = {isa = PBXFileReference; lastKnownFileType = sourcecode.c.objc; path = "NSString+MTExtVertify.m"; sourceTree = "<group>"; };
		FDC6FC0A2005C22800DADE06 /* NSTimer+MTExt.h */ = {isa = PBXFileReference; lastKnownFileType = sourcecode.c.h; path = "NSTimer+MTExt.h"; sourceTree = "<group>"; };
		FDC6FC0B2005C22800DADE06 /* NSTimer+MTExt.m */ = {isa = PBXFileReference; lastKnownFileType = sourcecode.c.objc; path = "NSTimer+MTExt.m"; sourceTree = "<group>"; };
		FDF0DA1F2004B85600E53015 /* MTKit.framework */ = {isa = PBXFileReference; explicitFileType = wrapper.framework; includeInIndex = 0; path = MTKit.framework; sourceTree = BUILT_PRODUCTS_DIR; };
		FDF0DA222004B85600E53015 /* MTKit.h */ = {isa = PBXFileReference; lastKnownFileType = sourcecode.c.h; path = MTKit.h; sourceTree = "<group>"; };
		FDF0DA232004B85600E53015 /* Info.plist */ = {isa = PBXFileReference; lastKnownFileType = text.plist.xml; path = Info.plist; sourceTree = "<group>"; };
		FDF0DA2F2004C62300E53015 /* NSData+MTExt.h */ = {isa = PBXFileReference; lastKnownFileType = sourcecode.c.h; path = "NSData+MTExt.h"; sourceTree = "<group>"; };
		FDF0DA302004C62300E53015 /* NSData+MTExt.m */ = {isa = PBXFileReference; lastKnownFileType = sourcecode.c.objc; path = "NSData+MTExt.m"; sourceTree = "<group>"; };
		FDF0DA342004C8F100E53015 /* NSDate+MTExtFormat.h */ = {isa = PBXFileReference; lastKnownFileType = sourcecode.c.h; path = "NSDate+MTExtFormat.h"; sourceTree = "<group>"; };
		FDF0DA352004C8F100E53015 /* NSDate+MTExtFormat.m */ = {isa = PBXFileReference; lastKnownFileType = sourcecode.c.objc; path = "NSDate+MTExtFormat.m"; sourceTree = "<group>"; };
		FDF0DA382004C9ED00E53015 /* NSDate+MTExt.h */ = {isa = PBXFileReference; lastKnownFileType = sourcecode.c.h; path = "NSDate+MTExt.h"; sourceTree = "<group>"; };
		FDF0DA392004C9ED00E53015 /* NSDate+MTExt.m */ = {isa = PBXFileReference; lastKnownFileType = sourcecode.c.objc; path = "NSDate+MTExt.m"; sourceTree = "<group>"; };
/* End PBXFileReference section */

/* Begin PBXFrameworksBuildPhase section */
		FDF0DA1B2004B85600E53015 /* Frameworks */ = {
			isa = PBXFrameworksBuildPhase;
			buildActionMask = 2147483647;
			files = (
				24C58063AE7BAD326FF0D80C /* libPods-MTKit.a in Frameworks */,
			);
			runOnlyForDeploymentPostprocessing = 0;
		};
/* End PBXFrameworksBuildPhase section */

/* Begin PBXGroup section */
		4C782BE9200F343B00DBE3C2 /* NSUserDefaults */ = {
			isa = PBXGroup;
			children = (
				4C782BEA200F346900DBE3C2 /* NSUserDefaults+MTExt.h */,
				4C782BEB200F346900DBE3C2 /* NSUserDefaults+MTExt.m */,
			);
			path = NSUserDefaults;
			sourceTree = "<group>";
		};
		4C782BEF200F35B400DBE3C2 /* Quartz */ = {
			isa = PBXGroup;
			children = (
				4C782BF0200F35D600DBE3C2 /* CALayer+MTExt.h */,
				4C782BF1200F35D600DBE3C2 /* CALayer+MTExt.m */,
			);
			path = Quartz;
			sourceTree = "<group>";
		};
		4C782BF4200F35FD00DBE3C2 /* UIKit */ = {
			isa = PBXGroup;
			children = (
				4C782C43200F449900DBE3C2 /* UIDevice */,
				4C782C3E200F442000DBE3C2 /* UIFont */,
				4C782C39200F438900DBE3C2 /* UIGesture */,
				4C782C2B200F3F5300DBE3C2 /* UIImage */,
				4C782C26200F3D9900DBE3C2 /* UIImageView */,
				4C782C21200F3D2900DBE3C2 /* UINavigationBar */,
				4C782C1C200F3CC900DBE3C2 /* UINavigationController */,
				4C782C17200F3C6500DBE3C2 /* UIScrollView */,
				4C782C12200F3AF900DBE3C2 /* UITableView */,
				4C782C0D200F398900DBE3C2 /* UITextField */,
				4C782C08200F38C800DBE3C2 /* UITextView */,
				4C782BFF200F378900DBE3C2 /* UIView */,
				4C782BFA200F368C00DBE3C2 /* UIViewController */,
				4C782BF5200F361200DBE3C2 /* UILabel */,
			);
			path = UIKit;
			sourceTree = "<group>";
		};
		4C782BF5200F361200DBE3C2 /* UILabel */ = {
			isa = PBXGroup;
			children = (
				4C782BF6200F362900DBE3C2 /* UILabel+MTExt.h */,
				4C782BF7200F362900DBE3C2 /* UILabel+MTExt.m */,
			);
			path = UILabel;
			sourceTree = "<group>";
		};
		4C782BFA200F368C00DBE3C2 /* UIViewController */ = {
			isa = PBXGroup;
			children = (
				4C782BFB200F372400DBE3C2 /* UIViewController+MTExtBack.h */,
				4C782BFC200F372400DBE3C2 /* UIViewController+MTExtBack.m */,
			);
			path = UIViewController;
			sourceTree = "<group>";
		};
		4C782BFF200F378900DBE3C2 /* UIView */ = {
			isa = PBXGroup;
			children = (
				4C782C00200F379F00DBE3C2 /* UIView+MTExt.h */,
				4C782C01200F379F00DBE3C2 /* UIView+MTExt.m */,
				4C782C04200F382B00DBE3C2 /* UIView+MTExtTouchArea.h */,
				4C782C05200F382B00DBE3C2 /* UIView+MTExtTouchArea.m */,
			);
			path = UIView;
			sourceTree = "<group>";
		};
		4C782C08200F38C800DBE3C2 /* UITextView */ = {
			isa = PBXGroup;
			children = (
				4C782C09200F38E800DBE3C2 /* UITextView+MTExt.h */,
				4C782C0A200F38E800DBE3C2 /* UITextView+MTExt.m */,
			);
			path = UITextView;
			sourceTree = "<group>";
		};
		4C782C0D200F398900DBE3C2 /* UITextField */ = {
			isa = PBXGroup;
			children = (
				4C782C0E200F399F00DBE3C2 /* UITextField+MTExt.h */,
				4C782C0F200F399F00DBE3C2 /* UITextField+MTExt.m */,
			);
			path = UITextField;
			sourceTree = "<group>";
		};
		4C782C12200F3AF900DBE3C2 /* UITableView */ = {
			isa = PBXGroup;
			children = (
				4C782C13200F3B1200DBE3C2 /* UITableView+MTExt.h */,
				4C782C14200F3B1200DBE3C2 /* UITableView+MTExt.m */,
			);
			path = UITableView;
			sourceTree = "<group>";
		};
		4C782C17200F3C6500DBE3C2 /* UIScrollView */ = {
			isa = PBXGroup;
			children = (
				4C782C18200F3C7D00DBE3C2 /* UIScrollView+MTExt.h */,
				4C782C19200F3C7D00DBE3C2 /* UIScrollView+MTExt.m */,
			);
			path = UIScrollView;
			sourceTree = "<group>";
		};
		4C782C1C200F3CC900DBE3C2 /* UINavigationController */ = {
			isa = PBXGroup;
			children = (
				4C782C1D200F3CE000DBE3C2 /* UINavigationController+MTExt.h */,
				4C782C1E200F3CE000DBE3C2 /* UINavigationController+MTExt.m */,
			);
			path = UINavigationController;
			sourceTree = "<group>";
		};
		4C782C21200F3D2900DBE3C2 /* UINavigationBar */ = {
			isa = PBXGroup;
			children = (
				4C782C22200F3D4200DBE3C2 /* UINavigationBar+MTExtBGColor.h */,
				4C782C23200F3D4200DBE3C2 /* UINavigationBar+MTExtBGColor.m */,
			);
			path = UINavigationBar;
			sourceTree = "<group>";
		};
		4C782C26200F3D9900DBE3C2 /* UIImageView */ = {
			isa = PBXGroup;
			children = (
				4C782C27200F3DB100DBE3C2 /* UIImageView+MTExt.h */,
				4C782C28200F3DB100DBE3C2 /* UIImageView+MTExt.m */,
			);
			path = UIImageView;
			sourceTree = "<group>";
		};
		4C782C2B200F3F5300DBE3C2 /* UIImage */ = {
			isa = PBXGroup;
			children = (
				4C782C2C200F3F7100DBE3C2 /* UIImage+MTExt.h */,
				4C782C2D200F3F7100DBE3C2 /* UIImage+MTExt.m */,
				4C782C35200F433200DBE3C2 /* UIImage+MTExtEffect.h */,
				4C782C36200F433200DBE3C2 /* UIImage+MTExtEffect.m */,
			);
			path = UIImage;
			sourceTree = "<group>";
		};
		4C782C30200F429B00DBE3C2 /* YYUtils */ = {
			isa = PBXGroup;
			children = (
				4C782C32200F42DD00DBE3C2 /* YYCGUtilities.h */,
				4C782C31200F42DD00DBE3C2 /* YYCGUtilities.m */,
			);
			path = YYUtils;
			sourceTree = "<group>";
		};
		4C782C39200F438900DBE3C2 /* UIGesture */ = {
			isa = PBXGroup;
			children = (
				4C782C3A200F43A500DBE3C2 /* UIGestureRecognizer+MTExt.h */,
				4C782C3B200F43A500DBE3C2 /* UIGestureRecognizer+MTExt.m */,
			);
			path = UIGesture;
			sourceTree = "<group>";
		};
		4C782C3E200F442000DBE3C2 /* UIFont */ = {
			isa = PBXGroup;
			children = (
				4C782C3F200F443000DBE3C2 /* UIFont+MTExt.h */,
				4C782C40200F443000DBE3C2 /* UIFont+MTExt.m */,
			);
			path = UIFont;
			sourceTree = "<group>";
		};
		4C782C43200F449900DBE3C2 /* UIDevice */ = {
			isa = PBXGroup;
			children = (
				4C782C44200F44AD00DBE3C2 /* UIDevice+MTExt.h */,
				4C782C45200F44AD00DBE3C2 /* UIDevice+MTExt.m */,
			);
			path = UIDevice;
			sourceTree = "<group>";
		};
		58CE74F10400C7B1FAD4041D /* Pods */ = {
			isa = PBXGroup;
			children = (
				0256BA0E6A032FFAD3E79954 /* Pods-MTKit.debug.xcconfig */,
				F1DFFB573B6D1B8CD2FE0B6A /* Pods-MTKit.release.xcconfig */,
			);
			name = Pods;
			sourceTree = "<group>";
		};
		BF034E540846A5FBAEC12976 /* Frameworks */ = {
			isa = PBXGroup;
			children = (
				FC66A0C4BC5D5F739438FBDB /* libPods-MTKit.a */,
			);
			name = Frameworks;
			sourceTree = "<group>";
		};
		FDC6FBDE2005B4DC00DADE06 /* NSDictionary */ = {
			isa = PBXGroup;
			children = (
				FDC6FBDF2005B56000DADE06 /* NSDictionary+MTExt.h */,
				FDC6FBE02005B56000DADE06 /* NSDictionary+MTExt.m */,
				FDC6FBE32005B64500DADE06 /* NSDictionary+MTExtUrlParam.h */,
				FDC6FBE42005B64500DADE06 /* NSDictionary+MTExtUrlParam.m */,
			);
			path = NSDictionary;
			sourceTree = "<group>";
		};
		FDC6FBE72005B6C800DADE06 /* NSNumber */ = {
			isa = PBXGroup;
			children = (
				FDC6FBE82005B6FD00DADE06 /* NSNumber+MTExt.h */,
				FDC6FBE92005B6FD00DADE06 /* NSNumber+MTExt.m */,
			);
			path = NSNumber;
			sourceTree = "<group>";
		};
		FDC6FBEF2005BA5100DADE06 /* NSObject */ = {
			isa = PBXGroup;
			children = (
				FDC6FBF42005BA9300DADE06 /* NSObject+MTExt.h */,
				FDC6FBF52005BA9300DADE06 /* NSObject+MTExt.m */,
			);
			path = NSObject;
			sourceTree = "<group>";
		};
		FDC6FBF82005BAFF00DADE06 /* NSString */ = {
			isa = PBXGroup;
			children = (
				FDC6FBF92005BB1700DADE06 /* NSString+MtExt.h */,
				FDC6FBFA2005BB1700DADE06 /* NSString+MtExt.m */,
				FDC6FBFD2005BFA500DADE06 /* NSString+MTExtFrame.h */,
				FDC6FBFE2005BFA500DADE06 /* NSString+MTExtFrame.m */,
				FDC6FC012005C08400DADE06 /* NSString+MTExtHash.h */,
				FDC6FC022005C08400DADE06 /* NSString+MTExtHash.m */,
				FDC6FC052005C13200DADE06 /* NSString+MTExtVertify.h */,
				FDC6FC062005C13200DADE06 /* NSString+MTExtVertify.m */,
			);
			path = NSString;
			sourceTree = "<group>";
		};
		FDC6FC092005C20B00DADE06 /* NSTimer */ = {
			isa = PBXGroup;
			children = (
				FDC6FC0A2005C22800DADE06 /* NSTimer+MTExt.h */,
				FDC6FC0B2005C22800DADE06 /* NSTimer+MTExt.m */,
			);
			path = NSTimer;
			sourceTree = "<group>";
		};
		FDF0DA152004B85600E53015 = {
			isa = PBXGroup;
			children = (
				FDF0DA212004B85600E53015 /* MTKit */,
				FDF0DA202004B85600E53015 /* Products */,
				58CE74F10400C7B1FAD4041D /* Pods */,
				BF034E540846A5FBAEC12976 /* Frameworks */,
			);
			sourceTree = "<group>";
		};
		FDF0DA202004B85600E53015 /* Products */ = {
			isa = PBXGroup;
			children = (
				FDF0DA1F2004B85600E53015 /* MTKit.framework */,
			);
			name = Products;
			sourceTree = "<group>";
		};
		FDF0DA212004B85600E53015 /* MTKit */ = {
			isa = PBXGroup;
			children = (
				FDF0DA2A2004BB7E00E53015 /* Category */,
				FDF0DA222004B85600E53015 /* MTKit.h */,
				FDF0DA232004B85600E53015 /* Info.plist */,
			);
			path = MTKit;
			sourceTree = "<group>";
		};
		FDF0DA2A2004BB7E00E53015 /* Category */ = {
			isa = PBXGroup;
			children = (
				4C782BF4200F35FD00DBE3C2 /* UIKit */,
				4C782BEF200F35B400DBE3C2 /* Quartz */,
				FDF0DA2B2004BBC300E53015 /* Foundation */,
				4C782C30200F429B00DBE3C2 /* YYUtils */,
			);
			path = Category;
			sourceTree = "<group>";
		};
		FDF0DA2B2004BBC300E53015 /* Foundation */ = {
			isa = PBXGroup;
			children = (
				4C782BE9200F343B00DBE3C2 /* NSUserDefaults */,
				FDC6FC092005C20B00DADE06 /* NSTimer */,
				FDC6FBF82005BAFF00DADE06 /* NSString */,
				FDC6FBEF2005BA5100DADE06 /* NSObject */,
				FDF0DA2E2004BBDC00E53015 /* NSData */,
				FDF0DA332004C89900E53015 /* NSDate */,
				FDC6FBDE2005B4DC00DADE06 /* NSDictionary */,
				FDC6FBE72005B6C800DADE06 /* NSNumber */,
				4C782BEE200F357400DBE3C2 /* MT_FoundationHeader.h */,
			);
			path = Foundation;
			sourceTree = "<group>";
		};
		FDF0DA2E2004BBDC00E53015 /* NSData */ = {
			isa = PBXGroup;
			children = (
				FDF0DA2F2004C62300E53015 /* NSData+MTExt.h */,
				FDF0DA302004C62300E53015 /* NSData+MTExt.m */,
			);
			path = NSData;
			sourceTree = "<group>";
		};
		FDF0DA332004C89900E53015 /* NSDate */ = {
			isa = PBXGroup;
			children = (
				FDF0DA382004C9ED00E53015 /* NSDate+MTExt.h */,
				FDF0DA392004C9ED00E53015 /* NSDate+MTExt.m */,
				FDF0DA342004C8F100E53015 /* NSDate+MTExtFormat.h */,
				FDF0DA352004C8F100E53015 /* NSDate+MTExtFormat.m */,
				FDC6FBDA2005B13800DADE06 /* NSDate+MTExtInternetDate.h */,
				FDC6FBDB2005B13800DADE06 /* NSDate+MTExtInternetDate.m */,
			);
			path = NSDate;
			sourceTree = "<group>";
		};
/* End PBXGroup section */

/* Begin PBXHeadersBuildPhase section */
		FDF0DA1C2004B85600E53015 /* Headers */ = {
			isa = PBXHeadersBuildPhase;
			buildActionMask = 2147483647;
			files = (
				FDC6FC0C2005C22800DADE06 /* NSTimer+MTExt.h in Headers */,
				4C782C34200F42DD00DBE3C2 /* YYCGUtilities.h in Headers */,
				4C782BEC200F346900DBE3C2 /* NSUserDefaults+MTExt.h in Headers */,
				4C782C3C200F43A500DBE3C2 /* UIGestureRecognizer+MTExt.h in Headers */,
				FDC6FBE52005B64500DADE06 /* NSDictionary+MTExtUrlParam.h in Headers */,
				4C782BF2200F35D600DBE3C2 /* CALayer+MTExt.h in Headers */,
				FDC6FBFF2005BFA500DADE06 /* NSString+MTExtFrame.h in Headers */,
				4C782BFD200F372400DBE3C2 /* UIViewController+MTExtBack.h in Headers */,
				FDC6FBF62005BA9300DADE06 /* NSObject+MTExt.h in Headers */,
				4C782C06200F382B00DBE3C2 /* UIView+MTExtTouchArea.h in Headers */,
				4C782C24200F3D4200DBE3C2 /* UINavigationBar+MTExtBGColor.h in Headers */,
				FDC6FC032005C08400DADE06 /* NSString+MTExtHash.h in Headers */,
				FDF0DA3A2004C9ED00E53015 /* NSDate+MTExt.h in Headers */,
				4C782C2E200F3F7100DBE3C2 /* UIImage+MTExt.h in Headers */,
				4C782BF8200F362900DBE3C2 /* UILabel+MTExt.h in Headers */,
				FDC6FC072005C13200DADE06 /* NSString+MTExtVertify.h in Headers */,
				FDF0DA312004C62300E53015 /* NSData+MTExt.h in Headers */,
				FDC6FBDC2005B13800DADE06 /* NSDate+MTExtInternetDate.h in Headers */,
				4C782C46200F44AD00DBE3C2 /* UIDevice+MTExt.h in Headers */,
				FDF0DA362004C8F100E53015 /* NSDate+MTExtFormat.h in Headers */,
				4C782C1A200F3C7D00DBE3C2 /* UIScrollView+MTExt.h in Headers */,
				4C782C10200F399F00DBE3C2 /* UITextField+MTExt.h in Headers */,
				4C782C1F200F3CE000DBE3C2 /* UINavigationController+MTExt.h in Headers */,
				4C782C41200F443000DBE3C2 /* UIFont+MTExt.h in Headers */,
				4C782C15200F3B1200DBE3C2 /* UITableView+MTExt.h in Headers */,
				4C782C37200F433300DBE3C2 /* UIImage+MTExtEffect.h in Headers */,
				FDC6FBEA2005B6FD00DADE06 /* NSNumber+MTExt.h in Headers */,
				FDC6FBFB2005BB1700DADE06 /* NSString+MtExt.h in Headers */,
				4C782C0B200F38E800DBE3C2 /* UITextView+MTExt.h in Headers */,
				FDC6FBE12005B56000DADE06 /* NSDictionary+MTExt.h in Headers */,
				4C782C02200F379F00DBE3C2 /* UIView+MTExt.h in Headers */,
				4C782C29200F3DB100DBE3C2 /* UIImageView+MTExt.h in Headers */,
				FDF0DA242004B85600E53015 /* MTKit.h in Headers */,
			);
			runOnlyForDeploymentPostprocessing = 0;
		};
/* End PBXHeadersBuildPhase section */

/* Begin PBXNativeTarget section */
		FDF0DA1E2004B85600E53015 /* MTKit */ = {
			isa = PBXNativeTarget;
			buildConfigurationList = FDF0DA272004B85600E53015 /* Build configuration list for PBXNativeTarget "MTKit" */;
			buildPhases = (
				87D59A8A5DD67FB089FF9151 /* [CP] Check Pods Manifest.lock */,
				FDF0DA1A2004B85600E53015 /* Sources */,
				FDF0DA1B2004B85600E53015 /* Frameworks */,
				FDF0DA1C2004B85600E53015 /* Headers */,
				FDF0DA1D2004B85600E53015 /* Resources */,
				CE59A1C35D4F12EE3711FB8B /* [CP] Copy Pods Resources */,
			);
			buildRules = (
			);
			dependencies = (
			);
			name = MTKit;
			productName = MTKit;
			productReference = FDF0DA1F2004B85600E53015 /* MTKit.framework */;
			productType = "com.apple.product-type.framework";
		};
/* End PBXNativeTarget section */

/* Begin PBXProject section */
		FDF0DA162004B85600E53015 /* Project object */ = {
			isa = PBXProject;
			attributes = {
				LastUpgradeCheck = 0910;
				ORGANIZATIONNAME = michaelyu;
				TargetAttributes = {
					FDF0DA1E2004B85600E53015 = {
						CreatedOnToolsVersion = 9.1;
						ProvisioningStyle = Automatic;
					};
				};
			};
			buildConfigurationList = FDF0DA192004B85600E53015 /* Build configuration list for PBXProject "MTKit" */;
			compatibilityVersion = "Xcode 8.0";
			developmentRegion = en;
			hasScannedForEncodings = 0;
			knownRegions = (
				en,
			);
			mainGroup = FDF0DA152004B85600E53015;
			productRefGroup = FDF0DA202004B85600E53015 /* Products */;
			projectDirPath = "";
			projectRoot = "";
			targets = (
				FDF0DA1E2004B85600E53015 /* MTKit */,
			);
		};
/* End PBXProject section */

/* Begin PBXResourcesBuildPhase section */
		FDF0DA1D2004B85600E53015 /* Resources */ = {
			isa = PBXResourcesBuildPhase;
			buildActionMask = 2147483647;
			files = (
			);
			runOnlyForDeploymentPostprocessing = 0;
		};
/* End PBXResourcesBuildPhase section */

/* Begin PBXShellScriptBuildPhase section */
		87D59A8A5DD67FB089FF9151 /* [CP] Check Pods Manifest.lock */ = {
			isa = PBXShellScriptBuildPhase;
			buildActionMask = 2147483647;
			files = (
			);
			inputPaths = (
				"${PODS_PODFILE_DIR_PATH}/Podfile.lock",
				"${PODS_ROOT}/Manifest.lock",
			);
			name = "[CP] Check Pods Manifest.lock";
			outputPaths = (
				"$(DERIVED_FILE_DIR)/Pods-MTKit-checkManifestLockResult.txt",
			);
			runOnlyForDeploymentPostprocessing = 0;
			shellPath = /bin/sh;
			shellScript = "diff \"${PODS_PODFILE_DIR_PATH}/Podfile.lock\" \"${PODS_ROOT}/Manifest.lock\" > /dev/null\nif [ $? != 0 ] ; then\n    # print error to STDERR\n    echo \"error: The sandbox is not in sync with the Podfile.lock. Run 'pod install' or update your CocoaPods installation.\" >&2\n    exit 1\nfi\n# This output is used by Xcode 'outputs' to avoid re-running this script phase.\necho \"SUCCESS\" > \"${SCRIPT_OUTPUT_FILE_0}\"\n";
			showEnvVarsInLog = 0;
		};
		CE59A1C35D4F12EE3711FB8B /* [CP] Copy Pods Resources */ = {
			isa = PBXShellScriptBuildPhase;
			buildActionMask = 2147483647;
			files = (
			);
			inputPaths = (
				"${SRCROOT}/Pods/Target Support Files/Pods-MTKit/Pods-MTKit-resources.sh",
				"${PODS_ROOT}/SVProgressHUD/SVProgressHUD/SVProgressHUD.bundle",
			);
			name = "[CP] Copy Pods Resources";
			outputPaths = (
				"${TARGET_BUILD_DIR}/${UNLOCALIZED_RESOURCES_FOLDER_PATH}",
			);
			runOnlyForDeploymentPostprocessing = 0;
			shellPath = /bin/sh;
			shellScript = "\"${SRCROOT}/Pods/Target Support Files/Pods-MTKit/Pods-MTKit-resources.sh\"\n";
			showEnvVarsInLog = 0;
		};
/* End PBXShellScriptBuildPhase section */

/* Begin PBXSourcesBuildPhase section */
		FDF0DA1A2004B85600E53015 /* Sources */ = {
			isa = PBXSourcesBuildPhase;
			buildActionMask = 2147483647;
			files = (
				FDC6FBFC2005BB1700DADE06 /* NSString+MtExt.m in Sources */,
				FDC6FBF72005BA9300DADE06 /* NSObject+MTExt.m in Sources */,
				FDC6FC042005C08400DADE06 /* NSString+MTExtHash.m in Sources */,
				4C782C1B200F3C7D00DBE3C2 /* UIScrollView+MTExt.m in Sources */,
				FDC6FBDD2005B13800DADE06 /* NSDate+MTExtInternetDate.m in Sources */,
				4C782C0C200F38E800DBE3C2 /* UITextView+MTExt.m in Sources */,
				FDC6FC082005C13200DADE06 /* NSString+MTExtVertify.m in Sources */,
				4C782BF9200F362900DBE3C2 /* UILabel+MTExt.m in Sources */,
				4C782C20200F3CE000DBE3C2 /* UINavigationController+MTExt.m in Sources */,
				4C782C07200F382B00DBE3C2 /* UIView+MTExtTouchArea.m in Sources */,
				4C782C25200F3D4200DBE3C2 /* UINavigationBar+MTExtBGColor.m in Sources */,
				4C782BFE200F372400DBE3C2 /* UIViewController+MTExtBack.m in Sources */,
				FDF0DA372004C8F100E53015 /* NSDate+MTExtFormat.m in Sources */,
				4C782BED200F346900DBE3C2 /* NSUserDefaults+MTExt.m in Sources */,
				4C782C03200F379F00DBE3C2 /* UIView+MTExt.m in Sources */,
				FDC6FC002005BFA500DADE06 /* NSString+MTExtFrame.m in Sources */,
				4C782C38200F433300DBE3C2 /* UIImage+MTExtEffect.m in Sources */,
				FDC6FBE22005B56000DADE06 /* NSDictionary+MTExt.m in Sources */,
				FDC6FBEB2005B6FD00DADE06 /* NSNumber+MTExt.m in Sources */,
				4C782C33200F42DD00DBE3C2 /* YYCGUtilities.m in Sources */,
				FDC6FC0D2005C22800DADE06 /* NSTimer+MTExt.m in Sources */,
				4C782C16200F3B1200DBE3C2 /* UITableView+MTExt.m in Sources */,
				4C782C47200F44AD00DBE3C2 /* UIDevice+MTExt.m in Sources */,
				4C782C3D200F43A500DBE3C2 /* UIGestureRecognizer+MTExt.m in Sources */,
				FDC6FBE62005B64500DADE06 /* NSDictionary+MTExtUrlParam.m in Sources */,
				4C782C2A200F3DB100DBE3C2 /* UIImageView+MTExt.m in Sources */,
				FDF0DA3B2004C9ED00E53015 /* NSDate+MTExt.m in Sources */,
				FDF0DA322004C62300E53015 /* NSData+MTExt.m in Sources */,
				4C782C42200F443000DBE3C2 /* UIFont+MTExt.m in Sources */,
				4C782C11200F399F00DBE3C2 /* UITextField+MTExt.m in Sources */,
				4C782C2F200F3F7100DBE3C2 /* UIImage+MTExt.m in Sources */,
				4C782BF3200F35D600DBE3C2 /* CALayer+MTExt.m in Sources */,
			);
			runOnlyForDeploymentPostprocessing = 0;
		};
/* End PBXSourcesBuildPhase section */

/* Begin XCBuildConfiguration section */
		FDF0DA252004B85600E53015 /* Debug */ = {
			isa = XCBuildConfiguration;
			buildSettings = {
				ALWAYS_SEARCH_USER_PATHS = NO;
				CLANG_ANALYZER_NONNULL = YES;
				CLANG_ANALYZER_NUMBER_OBJECT_CONVERSION = YES_AGGRESSIVE;
				CLANG_CXX_LANGUAGE_STANDARD = "gnu++14";
				CLANG_CXX_LIBRARY = "libc++";
				CLANG_ENABLE_MODULES = YES;
				CLANG_ENABLE_OBJC_ARC = YES;
				CLANG_WARN_BLOCK_CAPTURE_AUTORELEASING = YES;
				CLANG_WARN_BOOL_CONVERSION = YES;
				CLANG_WARN_COMMA = YES;
				CLANG_WARN_CONSTANT_CONVERSION = YES;
				CLANG_WARN_DIRECT_OBJC_ISA_USAGE = YES_ERROR;
				CLANG_WARN_DOCUMENTATION_COMMENTS = YES;
				CLANG_WARN_EMPTY_BODY = YES;
				CLANG_WARN_ENUM_CONVERSION = YES;
				CLANG_WARN_INFINITE_RECURSION = YES;
				CLANG_WARN_INT_CONVERSION = YES;
				CLANG_WARN_NON_LITERAL_NULL_CONVERSION = YES;
				CLANG_WARN_OBJC_LITERAL_CONVERSION = YES;
				CLANG_WARN_OBJC_ROOT_CLASS = YES_ERROR;
				CLANG_WARN_RANGE_LOOP_ANALYSIS = YES;
				CLANG_WARN_STRICT_PROTOTYPES = YES;
				CLANG_WARN_SUSPICIOUS_MOVE = YES;
				CLANG_WARN_UNGUARDED_AVAILABILITY = YES_AGGRESSIVE;
				CLANG_WARN_UNREACHABLE_CODE = YES;
				CLANG_WARN__DUPLICATE_METHOD_MATCH = YES;
				CODE_SIGN_IDENTITY = "iPhone Developer";
				COPY_PHASE_STRIP = NO;
				CURRENT_PROJECT_VERSION = 1;
				DEBUG_INFORMATION_FORMAT = dwarf;
				ENABLE_STRICT_OBJC_MSGSEND = YES;
				ENABLE_TESTABILITY = YES;
				GCC_C_LANGUAGE_STANDARD = gnu11;
				GCC_DYNAMIC_NO_PIC = NO;
				GCC_NO_COMMON_BLOCKS = YES;
				GCC_OPTIMIZATION_LEVEL = 0;
				GCC_PREPROCESSOR_DEFINITIONS = (
					"DEBUG=1",
					"$(inherited)",
				);
				GCC_WARN_64_TO_32_BIT_CONVERSION = YES;
				GCC_WARN_ABOUT_RETURN_TYPE = YES_ERROR;
				GCC_WARN_UNDECLARED_SELECTOR = YES;
				GCC_WARN_UNINITIALIZED_AUTOS = YES_AGGRESSIVE;
				GCC_WARN_UNUSED_FUNCTION = YES;
				GCC_WARN_UNUSED_VARIABLE = YES;
				IPHONEOS_DEPLOYMENT_TARGET = 11.1;
				MTL_ENABLE_DEBUG_INFO = YES;
				ONLY_ACTIVE_ARCH = YES;
				SDKROOT = iphoneos;
				VERSIONING_SYSTEM = "apple-generic";
				VERSION_INFO_PREFIX = "";
			};
			name = Debug;
		};
		FDF0DA262004B85600E53015 /* Release */ = {
			isa = XCBuildConfiguration;
			buildSettings = {
				ALWAYS_SEARCH_USER_PATHS = NO;
				CLANG_ANALYZER_NONNULL = YES;
				CLANG_ANALYZER_NUMBER_OBJECT_CONVERSION = YES_AGGRESSIVE;
				CLANG_CXX_LANGUAGE_STANDARD = "gnu++14";
				CLANG_CXX_LIBRARY = "libc++";
				CLANG_ENABLE_MODULES = YES;
				CLANG_ENABLE_OBJC_ARC = YES;
				CLANG_WARN_BLOCK_CAPTURE_AUTORELEASING = YES;
				CLANG_WARN_BOOL_CONVERSION = YES;
				CLANG_WARN_COMMA = YES;
				CLANG_WARN_CONSTANT_CONVERSION = YES;
				CLANG_WARN_DIRECT_OBJC_ISA_USAGE = YES_ERROR;
				CLANG_WARN_DOCUMENTATION_COMMENTS = YES;
				CLANG_WARN_EMPTY_BODY = YES;
				CLANG_WARN_ENUM_CONVERSION = YES;
				CLANG_WARN_INFINITE_RECURSION = YES;
				CLANG_WARN_INT_CONVERSION = YES;
				CLANG_WARN_NON_LITERAL_NULL_CONVERSION = YES;
				CLANG_WARN_OBJC_LITERAL_CONVERSION = YES;
				CLANG_WARN_OBJC_ROOT_CLASS = YES_ERROR;
				CLANG_WARN_RANGE_LOOP_ANALYSIS = YES;
				CLANG_WARN_STRICT_PROTOTYPES = YES;
				CLANG_WARN_SUSPICIOUS_MOVE = YES;
				CLANG_WARN_UNGUARDED_AVAILABILITY = YES_AGGRESSIVE;
				CLANG_WARN_UNREACHABLE_CODE = YES;
				CLANG_WARN__DUPLICATE_METHOD_MATCH = YES;
				CODE_SIGN_IDENTITY = "iPhone Developer";
				COPY_PHASE_STRIP = NO;
				CURRENT_PROJECT_VERSION = 1;
				DEBUG_INFORMATION_FORMAT = "dwarf-with-dsym";
				ENABLE_NS_ASSERTIONS = NO;
				ENABLE_STRICT_OBJC_MSGSEND = YES;
				GCC_C_LANGUAGE_STANDARD = gnu11;
				GCC_NO_COMMON_BLOCKS = YES;
				GCC_WARN_64_TO_32_BIT_CONVERSION = YES;
				GCC_WARN_ABOUT_RETURN_TYPE = YES_ERROR;
				GCC_WARN_UNDECLARED_SELECTOR = YES;
				GCC_WARN_UNINITIALIZED_AUTOS = YES_AGGRESSIVE;
				GCC_WARN_UNUSED_FUNCTION = YES;
				GCC_WARN_UNUSED_VARIABLE = YES;
				IPHONEOS_DEPLOYMENT_TARGET = 11.1;
				MTL_ENABLE_DEBUG_INFO = NO;
				SDKROOT = iphoneos;
				VALIDATE_PRODUCT = YES;
				VERSIONING_SYSTEM = "apple-generic";
				VERSION_INFO_PREFIX = "";
			};
			name = Release;
		};
		FDF0DA282004B85600E53015 /* Debug */ = {
			isa = XCBuildConfiguration;
			baseConfigurationReference = 0256BA0E6A032FFAD3E79954 /* Pods-MTKit.debug.xcconfig */;
			buildSettings = {
				CLANG_WARN_STRICT_PROTOTYPES = NO;
				CODE_SIGN_IDENTITY = "";
				CODE_SIGN_STYLE = Automatic;
				DEFINES_MODULE = YES;
				DYLIB_COMPATIBILITY_VERSION = 1;
				DYLIB_CURRENT_VERSION = 1;
				DYLIB_INSTALL_NAME_BASE = "@rpath";
				INFOPLIST_FILE = MTKit/Info.plist;
				INSTALL_PATH = "$(LOCAL_LIBRARY_DIR)/Frameworks";
				IPHONEOS_DEPLOYMENT_TARGET = 9.0;
				LD_RUNPATH_SEARCH_PATHS = "$(inherited) @executable_path/Frameworks @loader_path/Frameworks";
				PRODUCT_BUNDLE_IDENTIFIER = com.michaelyu.mtkit.MTKit;
				PRODUCT_NAME = "$(TARGET_NAME:c99extidentifier)";
				SKIP_INSTALL = YES;
				TARGETED_DEVICE_FAMILY = "1,2";
			};
			name = Debug;
		};
		FDF0DA292004B85600E53015 /* Release */ = {
			isa = XCBuildConfiguration;
			baseConfigurationReference = F1DFFB573B6D1B8CD2FE0B6A /* Pods-MTKit.release.xcconfig */;
			buildSettings = {
				CLANG_WARN_STRICT_PROTOTYPES = NO;
				CODE_SIGN_IDENTITY = "";
				CODE_SIGN_STYLE = Automatic;
				DEFINES_MODULE = YES;
				DYLIB_COMPATIBILITY_VERSION = 1;
				DYLIB_CURRENT_VERSION = 1;
				DYLIB_INSTALL_NAME_BASE = "@rpath";
				INFOPLIST_FILE = MTKit/Info.plist;
				INSTALL_PATH = "$(LOCAL_LIBRARY_DIR)/Frameworks";
				IPHONEOS_DEPLOYMENT_TARGET = 9.0;
				LD_RUNPATH_SEARCH_PATHS = "$(inherited) @executable_path/Frameworks @loader_path/Frameworks";
				PRODUCT_BUNDLE_IDENTIFIER = com.michaelyu.mtkit.MTKit;
				PRODUCT_NAME = "$(TARGET_NAME:c99extidentifier)";
				SKIP_INSTALL = YES;
				TARGETED_DEVICE_FAMILY = "1,2";
			};
			name = Release;
		};
/* End XCBuildConfiguration section */

/* Begin XCConfigurationList section */
		FDF0DA192004B85600E53015 /* Build configuration list for PBXProject "MTKit" */ = {
			isa = XCConfigurationList;
			buildConfigurations = (
				FDF0DA252004B85600E53015 /* Debug */,
				FDF0DA262004B85600E53015 /* Release */,
			);
			defaultConfigurationIsVisible = 0;
			defaultConfigurationName = Release;
		};
		FDF0DA272004B85600E53015 /* Build configuration list for PBXNativeTarget "MTKit" */ = {
			isa = XCConfigurationList;
			buildConfigurations = (
				FDF0DA282004B85600E53015 /* Debug */,
				FDF0DA292004B85600E53015 /* Release */,
			);
			defaultConfigurationIsVisible = 0;
			defaultConfigurationName = Release;
		};
/* End XCConfigurationList section */
	};
	rootObject = FDF0DA162004B85600E53015 /* Project object */;
}
