// !$*UTF8*$!
{
	archiveVersion = 1;
	classes = {
	};
	objectVersion = 48;
	objects = {

/* Begin PBXBuildFile section */
		24C58063AE7BAD326FF0D80C /* libPods-MTKit.a in Frameworks */ = {isa = PBXBuildFile; fileRef = FC66A0C4BC5D5F739438FBDB /* libPods-MTKit.a */; };
		4C0920542020491D003A43EC /* MTBanner_arrow@2x.png in Resources */ = {isa = PBXBuildFile; fileRef = 4C0920532020491D003A43EC /* MTBanner_arrow@2x.png */; };
		4C0920572020495C003A43EC /* MTBannerCell.h in Headers */ = {isa = PBXBuildFile; fileRef = 4C0920552020495C003A43EC /* MTBannerCell.h */; };
		4C0920582020495C003A43EC /* MTBannerCell.m in Sources */ = {isa = PBXBuildFile; fileRef = 4C0920562020495C003A43EC /* MTBannerCell.m */; };
		4C09205F20204A36003A43EC /* MTBannerFooter.h in Headers */ = {isa = PBXBuildFile; fileRef = 4C09205D20204A36003A43EC /* MTBannerFooter.h */; };
		4C09206020204A36003A43EC /* MTBannerFooter.m in Sources */ = {isa = PBXBuildFile; fileRef = 4C09205E20204A36003A43EC /* MTBannerFooter.m */; };
		4C09206320204BFD003A43EC /* MTBannerView.h in Headers */ = {isa = PBXBuildFile; fileRef = 4C09206120204BFD003A43EC /* MTBannerView.h */; };
		4C09206420204BFD003A43EC /* MTBannerView.m in Sources */ = {isa = PBXBuildFile; fileRef = 4C09206220204BFD003A43EC /* MTBannerView.m */; };
		4C09206820204F46003A43EC /* MTQRCode.h in Headers */ = {isa = PBXBuildFile; fileRef = 4C09206620204F46003A43EC /* MTQRCode.h */; };
		4C09206920204F46003A43EC /* MTQRCode.m in Sources */ = {isa = PBXBuildFile; fileRef = 4C09206720204F46003A43EC /* MTQRCode.m */; };
		4C09206C20204FAD003A43EC /* MTScanBoxLine.h in Headers */ = {isa = PBXBuildFile; fileRef = 4C09206A20204FAD003A43EC /* MTScanBoxLine.h */; };
		4C09206D20204FAD003A43EC /* MTScanBoxLine.m in Sources */ = {isa = PBXBuildFile; fileRef = 4C09206B20204FAD003A43EC /* MTScanBoxLine.m */; };
		4C09206F20205367003A43EC /* MT_ComponetHeader.h in Headers */ = {isa = PBXBuildFile; fileRef = 4C09206E20205367003A43EC /* MT_ComponetHeader.h */; };
		4C782BEC200F346900DBE3C2 /* NSUserDefaults+MTExt.h in Headers */ = {isa = PBXBuildFile; fileRef = 4C782BEA200F346900DBE3C2 /* NSUserDefaults+MTExt.h */; };
		4C782BED200F346900DBE3C2 /* NSUserDefaults+MTExt.m in Sources */ = {isa = PBXBuildFile; fileRef = 4C782BEB200F346900DBE3C2 /* NSUserDefaults+MTExt.m */; };
		4C782BF2200F35D600DBE3C2 /* CALayer+MTExt.h in Headers */ = {isa = PBXBuildFile; fileRef = 4C782BF0200F35D600DBE3C2 /* CALayer+MTExt.h */; };
		4C782BF3200F35D600DBE3C2 /* CALayer+MTExt.m in Sources */ = {isa = PBXBuildFile; fileRef = 4C782BF1200F35D600DBE3C2 /* CALayer+MTExt.m */; };
		4C782BF8200F362900DBE3C2 /* UILabel+MTExt.h in Headers */ = {isa = PBXBuildFile; fileRef = 4C782BF6200F362900DBE3C2 /* UILabel+MTExt.h */; };
		4C782BF9200F362900DBE3C2 /* UILabel+MTExt.m in Sources */ = {isa = PBXBuildFile; fileRef = 4C782BF7200F362900DBE3C2 /* UILabel+MTExt.m */; };
		4C782BFD200F372400DBE3C2 /* UIViewController+MTExtBack.h in Headers */ = {isa = PBXBuildFile; fileRef = 4C782BFB200F372400DBE3C2 /* UIViewController+MTExtBack.h */; };
		4C782BFE200F372400DBE3C2 /* UIViewController+MTExtBack.m in Sources */ = {isa = PBXBuildFile; fileRef = 4C782BFC200F372400DBE3C2 /* UIViewController+MTExtBack.m */; };
		4C782C02200F379F00DBE3C2 /* UIView+MTExt.h in Headers */ = {isa = PBXBuildFile; fileRef = 4C782C00200F379F00DBE3C2 /* UIView+MTExt.h */; };
		4C782C03200F379F00DBE3C2 /* UIView+MTExt.m in Sources */ = {isa = PBXBuildFile; fileRef = 4C782C01200F379F00DBE3C2 /* UIView+MTExt.m */; };
		4C782C06200F382B00DBE3C2 /* UIView+MTExtTouchArea.h in Headers */ = {isa = PBXBuildFile; fileRef = 4C782C04200F382B00DBE3C2 /* UIView+MTExtTouchArea.h */; };
		4C782C07200F382B00DBE3C2 /* UIView+MTExtTouchArea.m in Sources */ = {isa = PBXBuildFile; fileRef = 4C782C05200F382B00DBE3C2 /* UIView+MTExtTouchArea.m */; };
		4C782C0B200F38E800DBE3C2 /* UITextView+MTExt.h in Headers */ = {isa = PBXBuildFile; fileRef = 4C782C09200F38E800DBE3C2 /* UITextView+MTExt.h */; };
		4C782C0C200F38E800DBE3C2 /* UITextView+MTExt.m in Sources */ = {isa = PBXBuildFile; fileRef = 4C782C0A200F38E800DBE3C2 /* UITextView+MTExt.m */; };
		4C782C10200F399F00DBE3C2 /* UITextField+MTExt.h in Headers */ = {isa = PBXBuildFile; fileRef = 4C782C0E200F399F00DBE3C2 /* UITextField+MTExt.h */; };
		4C782C11200F399F00DBE3C2 /* UITextField+MTExt.m in Sources */ = {isa = PBXBuildFile; fileRef = 4C782C0F200F399F00DBE3C2 /* UITextField+MTExt.m */; };
		4C782C15200F3B1200DBE3C2 /* UITableView+MTExt.h in Headers */ = {isa = PBXBuildFile; fileRef = 4C782C13200F3B1200DBE3C2 /* UITableView+MTExt.h */; };
		4C782C16200F3B1200DBE3C2 /* UITableView+MTExt.m in Sources */ = {isa = PBXBuildFile; fileRef = 4C782C14200F3B1200DBE3C2 /* UITableView+MTExt.m */; };
		4C782C1A200F3C7D00DBE3C2 /* UIScrollView+MTExt.h in Headers */ = {isa = PBXBuildFile; fileRef = 4C782C18200F3C7D00DBE3C2 /* UIScrollView+MTExt.h */; };
		4C782C1B200F3C7D00DBE3C2 /* UIScrollView+MTExt.m in Sources */ = {isa = PBXBuildFile; fileRef = 4C782C19200F3C7D00DBE3C2 /* UIScrollView+MTExt.m */; };
		4C782C1F200F3CE000DBE3C2 /* UINavigationController+MTExt.h in Headers */ = {isa = PBXBuildFile; fileRef = 4C782C1D200F3CE000DBE3C2 /* UINavigationController+MTExt.h */; };
		4C782C20200F3CE000DBE3C2 /* UINavigationController+MTExt.m in Sources */ = {isa = PBXBuildFile; fileRef = 4C782C1E200F3CE000DBE3C2 /* UINavigationController+MTExt.m */; };
		4C782C24200F3D4200DBE3C2 /* UINavigationBar+MTExtBGColor.h in Headers */ = {isa = PBXBuildFile; fileRef = 4C782C22200F3D4200DBE3C2 /* UINavigationBar+MTExtBGColor.h */; };
		4C782C25200F3D4200DBE3C2 /* UINavigationBar+MTExtBGColor.m in Sources */ = {isa = PBXBuildFile; fileRef = 4C782C23200F3D4200DBE3C2 /* UINavigationBar+MTExtBGColor.m */; };
		4C782C29200F3DB100DBE3C2 /* UIImageView+MTExt.h in Headers */ = {isa = PBXBuildFile; fileRef = 4C782C27200F3DB100DBE3C2 /* UIImageView+MTExt.h */; };
		4C782C2A200F3DB100DBE3C2 /* UIImageView+MTExt.m in Sources */ = {isa = PBXBuildFile; fileRef = 4C782C28200F3DB100DBE3C2 /* UIImageView+MTExt.m */; };
		4C782C2E200F3F7100DBE3C2 /* UIImage+MTExt.h in Headers */ = {isa = PBXBuildFile; fileRef = 4C782C2C200F3F7100DBE3C2 /* UIImage+MTExt.h */; };
		4C782C2F200F3F7100DBE3C2 /* UIImage+MTExt.m in Sources */ = {isa = PBXBuildFile; fileRef = 4C782C2D200F3F7100DBE3C2 /* UIImage+MTExt.m */; };
		4C782C33200F42DD00DBE3C2 /* YYCGUtilities.m in Sources */ = {isa = PBXBuildFile; fileRef = 4C782C31200F42DD00DBE3C2 /* YYCGUtilities.m */; };
		4C782C34200F42DD00DBE3C2 /* YYCGUtilities.h in Headers */ = {isa = PBXBuildFile; fileRef = 4C782C32200F42DD00DBE3C2 /* YYCGUtilities.h */; };
		4C782C37200F433300DBE3C2 /* UIImage+MTExtEffect.h in Headers */ = {isa = PBXBuildFile; fileRef = 4C782C35200F433200DBE3C2 /* UIImage+MTExtEffect.h */; };
		4C782C38200F433300DBE3C2 /* UIImage+MTExtEffect.m in Sources */ = {isa = PBXBuildFile; fileRef = 4C782C36200F433200DBE3C2 /* UIImage+MTExtEffect.m */; };
		4C782C3C200F43A500DBE3C2 /* UIGestureRecognizer+MTExt.h in Headers */ = {isa = PBXBuildFile; fileRef = 4C782C3A200F43A500DBE3C2 /* UIGestureRecognizer+MTExt.h */; };
		4C782C3D200F43A500DBE3C2 /* UIGestureRecognizer+MTExt.m in Sources */ = {isa = PBXBuildFile; fileRef = 4C782C3B200F43A500DBE3C2 /* UIGestureRecognizer+MTExt.m */; };
		4C782C41200F443000DBE3C2 /* UIFont+MTExt.h in Headers */ = {isa = PBXBuildFile; fileRef = 4C782C3F200F443000DBE3C2 /* UIFont+MTExt.h */; };
		4C782C42200F443000DBE3C2 /* UIFont+MTExt.m in Sources */ = {isa = PBXBuildFile; fileRef = 4C782C40200F443000DBE3C2 /* UIFont+MTExt.m */; };
		4C782C46200F44AD00DBE3C2 /* UIDevice+MTExt.h in Headers */ = {isa = PBXBuildFile; fileRef = 4C782C44200F44AD00DBE3C2 /* UIDevice+MTExt.h */; };
		4C782C47200F44AD00DBE3C2 /* UIDevice+MTExt.m in Sources */ = {isa = PBXBuildFile; fileRef = 4C782C45200F44AD00DBE3C2 /* UIDevice+MTExt.m */; };
		4C782C4B200F456F00DBE3C2 /* UIControl+MTExt.h in Headers */ = {isa = PBXBuildFile; fileRef = 4C782C49200F456F00DBE3C2 /* UIControl+MTExt.h */; };
		4C782C4C200F456F00DBE3C2 /* UIControl+MTExt.m in Sources */ = {isa = PBXBuildFile; fileRef = 4C782C4A200F456F00DBE3C2 /* UIControl+MTExt.m */; };
		4C782C50200F45C400DBE3C2 /* UIColor+MTExt.h in Headers */ = {isa = PBXBuildFile; fileRef = 4C782C4E200F45C400DBE3C2 /* UIColor+MTExt.h */; };
		4C782C51200F45C400DBE3C2 /* UIColor+MTExt.m in Sources */ = {isa = PBXBuildFile; fileRef = 4C782C4F200F45C400DBE3C2 /* UIColor+MTExt.m */; };
		4C782C55200F461600DBE3C2 /* UIButton+MTExt.h in Headers */ = {isa = PBXBuildFile; fileRef = 4C782C53200F461600DBE3C2 /* UIButton+MTExt.h */; };
		4C782C56200F461600DBE3C2 /* UIButton+MTExt.m in Sources */ = {isa = PBXBuildFile; fileRef = 4C782C54200F461600DBE3C2 /* UIButton+MTExt.m */; };
		4C782C59200F46BB00DBE3C2 /* UIButton+MTExtCountDown.h in Headers */ = {isa = PBXBuildFile; fileRef = 4C782C57200F46BB00DBE3C2 /* UIButton+MTExtCountDown.h */; };
		4C782C5A200F46BB00DBE3C2 /* UIButton+MTExtCountDown.m in Sources */ = {isa = PBXBuildFile; fileRef = 4C782C58200F46BB00DBE3C2 /* UIButton+MTExtCountDown.m */; };
		4C782C5D200F46F200DBE3C2 /* UIButton+MTExtImagePosition.h in Headers */ = {isa = PBXBuildFile; fileRef = 4C782C5B200F46F200DBE3C2 /* UIButton+MTExtImagePosition.h */; };
		4C782C5E200F46F200DBE3C2 /* UIButton+MTExtImagePosition.m in Sources */ = {isa = PBXBuildFile; fileRef = 4C782C5C200F46F200DBE3C2 /* UIButton+MTExtImagePosition.m */; };
		4C782C61200F474400DBE3C2 /* UIButton+MTExtLayer.h in Headers */ = {isa = PBXBuildFile; fileRef = 4C782C5F200F474400DBE3C2 /* UIButton+MTExtLayer.h */; };
		4C782C62200F474400DBE3C2 /* UIButton+MTExtLayer.m in Sources */ = {isa = PBXBuildFile; fileRef = 4C782C60200F474400DBE3C2 /* UIButton+MTExtLayer.m */; };
		4C782C66200F485A00DBE3C2 /* UIBezierPath+MTExt.h in Headers */ = {isa = PBXBuildFile; fileRef = 4C782C64200F485A00DBE3C2 /* UIBezierPath+MTExt.h */; };
		4C782C67200F485A00DBE3C2 /* UIBezierPath+MTExt.m in Sources */ = {isa = PBXBuildFile; fileRef = 4C782C65200F485A00DBE3C2 /* UIBezierPath+MTExt.m */; };
		4C782C6B200F48A700DBE3C2 /* UIBarButtonItem+MTExt.h in Headers */ = {isa = PBXBuildFile; fileRef = 4C782C69200F48A700DBE3C2 /* UIBarButtonItem+MTExt.h */; };
		4C782C6C200F48A700DBE3C2 /* UIBarButtonItem+MTExt.m in Sources */ = {isa = PBXBuildFile; fileRef = 4C782C6A200F48A700DBE3C2 /* UIBarButtonItem+MTExt.m */; };
		4C782C70200F498C00DBE3C2 /* UIApplication+MTExt.h in Headers */ = {isa = PBXBuildFile; fileRef = 4C782C6E200F498C00DBE3C2 /* UIApplication+MTExt.h */; };
		4C782C71200F498C00DBE3C2 /* UIApplication+MTExt.m in Sources */ = {isa = PBXBuildFile; fileRef = 4C782C6F200F498C00DBE3C2 /* UIApplication+MTExt.m */; };
		4C782C78200F4B0900DBE3C2 /* YYCategoriesMacro.h in Headers */ = {isa = PBXBuildFile; fileRef = 4C782C77200F4B0900DBE3C2 /* YYCategoriesMacro.h */; };
		4C85045C21266FEE00F247AD /* MTLogUtil.h in Headers */ = {isa = PBXBuildFile; fileRef = 4C85045A21266FEE00F247AD /* MTLogUtil.h */; };
		4C85045D21266FEE00F247AD /* MTLogUtil.m in Sources */ = {isa = PBXBuildFile; fileRef = 4C85045B21266FEE00F247AD /* MTLogUtil.m */; };
		4CB458CE203E4EAF00CA8D38 /* UserInfoUtil.h in Headers */ = {isa = PBXBuildFile; fileRef = 4CB458CC203E4EAF00CA8D38 /* UserInfoUtil.h */; };
		4CB458CF203E4EAF00CA8D38 /* UserInfoUtil.m in Sources */ = {isa = PBXBuildFile; fileRef = 4CB458CD203E4EAF00CA8D38 /* UserInfoUtil.m */; };
		4CB458D3203E530100CA8D38 /* MTDataSource.h in Headers */ = {isa = PBXBuildFile; fileRef = 4CB458D1203E530100CA8D38 /* MTDataSource.h */; };
		4CB458D4203E530100CA8D38 /* MTDataSource.m in Sources */ = {isa = PBXBuildFile; fileRef = 4CB458D2203E530100CA8D38 /* MTDataSource.m */; };
		4CB458D8203E548800CA8D38 /* MTQRCodeUtil.h in Headers */ = {isa = PBXBuildFile; fileRef = 4CB458D6203E548800CA8D38 /* MTQRCodeUtil.h */; };
		4CB458D9203E548800CA8D38 /* MTQRCodeUtil.m in Sources */ = {isa = PBXBuildFile; fileRef = 4CB458D7203E548800CA8D38 /* MTQRCodeUtil.m */; };
		4CB458DD203E553300CA8D38 /* MTProgressHUD.h in Headers */ = {isa = PBXBuildFile; fileRef = 4CB458DB203E553300CA8D38 /* MTProgressHUD.h */; };
		4CB458DE203E553300CA8D38 /* MTProgressHUD.m in Sources */ = {isa = PBXBuildFile; fileRef = 4CB458DC203E553300CA8D38 /* MTProgressHUD.m */; };
		4CB458E2203E57AF00CA8D38 /* MTAlertUtil.h in Headers */ = {isa = PBXBuildFile; fileRef = 4CB458E0203E57AF00CA8D38 /* MTAlertUtil.h */; };
		4CB458E3203E57AF00CA8D38 /* MTAlertUtil.m in Sources */ = {isa = PBXBuildFile; fileRef = 4CB458E1203E57AF00CA8D38 /* MTAlertUtil.m */; };
		4CB458E7203E59E900CA8D38 /* AppInfoUtil.h in Headers */ = {isa = PBXBuildFile; fileRef = 4CB458E5203E59E900CA8D38 /* AppInfoUtil.h */; };
		4CB458E8203E59E900CA8D38 /* AppInfoUtil.m in Sources */ = {isa = PBXBuildFile; fileRef = 4CB458E6203E59E900CA8D38 /* AppInfoUtil.m */; };
		4CB458F2203E5CEA00CA8D38 /* UIViewController+MTExt2Parameter.h in Headers */ = {isa = PBXBuildFile; fileRef = 4CB458F0203E5CEA00CA8D38 /* UIViewController+MTExt2Parameter.h */; };
		4CB458F3203E5CEA00CA8D38 /* UIViewController+MTExt2Parameter.m in Sources */ = {isa = PBXBuildFile; fileRef = 4CB458F1203E5CEA00CA8D38 /* UIViewController+MTExt2Parameter.m */; };
		4CB458F6203E5D7C00CA8D38 /* MTMediator.h in Headers */ = {isa = PBXBuildFile; fileRef = 4CB458F4203E5D7C00CA8D38 /* MTMediator.h */; };
		4CB458F7203E5D7C00CA8D38 /* MTMediator.m in Sources */ = {isa = PBXBuildFile; fileRef = 4CB458F5203E5D7C00CA8D38 /* MTMediator.m */; };
		4CB458FB203E5E3700CA8D38 /* MT_Reachability.h in Headers */ = {isa = PBXBuildFile; fileRef = 4CB458F9203E5E3700CA8D38 /* MT_Reachability.h */; };
		4CB458FC203E5E3700CA8D38 /* MT_Reachability.m in Sources */ = {isa = PBXBuildFile; fileRef = 4CB458FA203E5E3700CA8D38 /* MT_Reachability.m */; };
		4CB45900203E65D500CA8D38 /* MTConstants.h in Headers */ = {isa = PBXBuildFile; fileRef = 4CB458FE203E65D500CA8D38 /* MTConstants.h */; };
		4CB45901203E65D500CA8D38 /* MTConstants.m in Sources */ = {isa = PBXBuildFile; fileRef = 4CB458FF203E65D500CA8D38 /* MTConstants.m */; };
		4CB45905203E66BA00CA8D38 /* MTAPIClient.h in Headers */ = {isa = PBXBuildFile; fileRef = 4CB45903203E66BA00CA8D38 /* MTAPIClient.h */; };
		4CB45906203E66BA00CA8D38 /* MTAPIClient.m in Sources */ = {isa = PBXBuildFile; fileRef = 4CB45904203E66BA00CA8D38 /* MTAPIClient.m */; };
		4CB45909203E66D300CA8D38 /* MTFileAction.h in Headers */ = {isa = PBXBuildFile; fileRef = 4CB45907203E66D300CA8D38 /* MTFileAction.h */; };
		4CB4590A203E66D300CA8D38 /* MTFileAction.m in Sources */ = {isa = PBXBuildFile; fileRef = 4CB45908203E66D300CA8D38 /* MTFileAction.m */; };
		4CB4590D203E66E400CA8D38 /* MTHttpAction.h in Headers */ = {isa = PBXBuildFile; fileRef = 4CB4590B203E66E300CA8D38 /* MTHttpAction.h */; };
		4CB4590E203E66E400CA8D38 /* MTHttpAction.m in Sources */ = {isa = PBXBuildFile; fileRef = 4CB4590C203E66E300CA8D38 /* MTHttpAction.m */; };
		4CB45911203E670600CA8D38 /* AFURLSessionManager+MTDownload.h in Headers */ = {isa = PBXBuildFile; fileRef = 4CB4590F203E670600CA8D38 /* AFURLSessionManager+MTDownload.h */; };
		4CB45912203E670600CA8D38 /* AFURLSessionManager+MTDownload.m in Sources */ = {isa = PBXBuildFile; fileRef = 4CB45910203E670600CA8D38 /* AFURLSessionManager+MTDownload.m */; };
		4CB45915203E6B8A00CA8D38 /* BaseService.h in Headers */ = {isa = PBXBuildFile; fileRef = 4CB45913203E6B8A00CA8D38 /* BaseService.h */; };
		4CB45916203E6B8A00CA8D38 /* BaseService.m in Sources */ = {isa = PBXBuildFile; fileRef = 4CB45914203E6B8A00CA8D38 /* BaseService.m */; };
		FDC6FBDC2005B13800DADE06 /* NSDate+MTExtInternetDate.h in Headers */ = {isa = PBXBuildFile; fileRef = FDC6FBDA2005B13800DADE06 /* NSDate+MTExtInternetDate.h */; };
		FDC6FBDD2005B13800DADE06 /* NSDate+MTExtInternetDate.m in Sources */ = {isa = PBXBuildFile; fileRef = FDC6FBDB2005B13800DADE06 /* NSDate+MTExtInternetDate.m */; };
		FDC6FBE12005B56000DADE06 /* NSDictionary+MTExt.h in Headers */ = {isa = PBXBuildFile; fileRef = FDC6FBDF2005B56000DADE06 /* NSDictionary+MTExt.h */; };
		FDC6FBE22005B56000DADE06 /* NSDictionary+MTExt.m in Sources */ = {isa = PBXBuildFile; fileRef = FDC6FBE02005B56000DADE06 /* NSDictionary+MTExt.m */; };
		FDC6FBE52005B64500DADE06 /* NSDictionary+MTExtUrlParam.h in Headers */ = {isa = PBXBuildFile; fileRef = FDC6FBE32005B64500DADE06 /* NSDictionary+MTExtUrlParam.h */; };
		FDC6FBE62005B64500DADE06 /* NSDictionary+MTExtUrlParam.m in Sources */ = {isa = PBXBuildFile; fileRef = FDC6FBE42005B64500DADE06 /* NSDictionary+MTExtUrlParam.m */; };
		FDC6FBEA2005B6FD00DADE06 /* NSNumber+MTExt.h in Headers */ = {isa = PBXBuildFile; fileRef = FDC6FBE82005B6FD00DADE06 /* NSNumber+MTExt.h */; };
		FDC6FBEB2005B6FD00DADE06 /* NSNumber+MTExt.m in Sources */ = {isa = PBXBuildFile; fileRef = FDC6FBE92005B6FD00DADE06 /* NSNumber+MTExt.m */; };
		FDC6FBF62005BA9300DADE06 /* NSObject+MTExt.h in Headers */ = {isa = PBXBuildFile; fileRef = FDC6FBF42005BA9300DADE06 /* NSObject+MTExt.h */; };
		FDC6FBF72005BA9300DADE06 /* NSObject+MTExt.m in Sources */ = {isa = PBXBuildFile; fileRef = FDC6FBF52005BA9300DADE06 /* NSObject+MTExt.m */; };
		FDC6FBFB2005BB1700DADE06 /* NSString+MTExt.h in Headers */ = {isa = PBXBuildFile; fileRef = FDC6FBF92005BB1700DADE06 /* NSString+MTExt.h */; };
		FDC6FBFC2005BB1700DADE06 /* NSString+MTExt.m in Sources */ = {isa = PBXBuildFile; fileRef = FDC6FBFA2005BB1700DADE06 /* NSString+MTExt.m */; };
		FDC6FBFF2005BFA500DADE06 /* NSString+MTExtFrame.h in Headers */ = {isa = PBXBuildFile; fileRef = FDC6FBFD2005BFA500DADE06 /* NSString+MTExtFrame.h */; };
		FDC6FC002005BFA500DADE06 /* NSString+MTExtFrame.m in Sources */ = {isa = PBXBuildFile; fileRef = FDC6FBFE2005BFA500DADE06 /* NSString+MTExtFrame.m */; };
		FDC6FC032005C08400DADE06 /* NSString+MTExtHash.h in Headers */ = {isa = PBXBuildFile; fileRef = FDC6FC012005C08400DADE06 /* NSString+MTExtHash.h */; };
		FDC6FC042005C08400DADE06 /* NSString+MTExtHash.m in Sources */ = {isa = PBXBuildFile; fileRef = FDC6FC022005C08400DADE06 /* NSString+MTExtHash.m */; };
		FDC6FC072005C13200DADE06 /* NSString+MTExtVertify.h in Headers */ = {isa = PBXBuildFile; fileRef = FDC6FC052005C13200DADE06 /* NSString+MTExtVertify.h */; };
		FDC6FC082005C13200DADE06 /* NSString+MTExtVertify.m in Sources */ = {isa = PBXBuildFile; fileRef = FDC6FC062005C13200DADE06 /* NSString+MTExtVertify.m */; };
		FDC6FC0C2005C22800DADE06 /* NSTimer+MTExt.h in Headers */ = {isa = PBXBuildFile; fileRef = FDC6FC0A2005C22800DADE06 /* NSTimer+MTExt.h */; };
		FDC6FC0D2005C22800DADE06 /* NSTimer+MTExt.m in Sources */ = {isa = PBXBuildFile; fileRef = FDC6FC0B2005C22800DADE06 /* NSTimer+MTExt.m */; };
		FDF0DA242004B85600E53015 /* MTKit.h in Headers */ = {isa = PBXBuildFile; fileRef = FDF0DA222004B85600E53015 /* MTKit.h */; settings = {ATTRIBUTES = (Public, ); }; };
		FDF0DA312004C62300E53015 /* NSData+MTExt.h in Headers */ = {isa = PBXBuildFile; fileRef = FDF0DA2F2004C62300E53015 /* NSData+MTExt.h */; };
		FDF0DA322004C62300E53015 /* NSData+MTExt.m in Sources */ = {isa = PBXBuildFile; fileRef = FDF0DA302004C62300E53015 /* NSData+MTExt.m */; };
		FDF0DA362004C8F100E53015 /* NSDate+MTExtFormat.h in Headers */ = {isa = PBXBuildFile; fileRef = FDF0DA342004C8F100E53015 /* NSDate+MTExtFormat.h */; };
		FDF0DA372004C8F100E53015 /* NSDate+MTExtFormat.m in Sources */ = {isa = PBXBuildFile; fileRef = FDF0DA352004C8F100E53015 /* NSDate+MTExtFormat.m */; };
		FDF0DA3A2004C9ED00E53015 /* NSDate+MTExt.h in Headers */ = {isa = PBXBuildFile; fileRef = FDF0DA382004C9ED00E53015 /* NSDate+MTExt.h */; };
		FDF0DA3B2004C9ED00E53015 /* NSDate+MTExt.m in Sources */ = {isa = PBXBuildFile; fileRef = FDF0DA392004C9ED00E53015 /* NSDate+MTExt.m */; };
/* End PBXBuildFile section */

/* Begin PBXFileReference section */
		0256BA0E6A032FFAD3E79954 /* Pods-MTKit.debug.xcconfig */ = {isa = PBXFileReference; includeInIndex = 1; lastKnownFileType = text.xcconfig; name = "Pods-MTKit.debug.xcconfig"; path = "Pods/Target Support Files/Pods-MTKit/Pods-MTKit.debug.xcconfig"; sourceTree = "<group>"; };
		4C0920532020491D003A43EC /* MTBanner_arrow@2x.png */ = {isa = PBXFileReference; lastKnownFileType = image.png; path = "MTBanner_arrow@2x.png"; sourceTree = "<group>"; };
		4C0920552020495C003A43EC /* MTBannerCell.h */ = {isa = PBXFileReference; lastKnownFileType = sourcecode.c.h; path = MTBannerCell.h; sourceTree = "<group>"; };
		4C0920562020495C003A43EC /* MTBannerCell.m */ = {isa = PBXFileReference; lastKnownFileType = sourcecode.c.objc; path = MTBannerCell.m; sourceTree = "<group>"; };
		4C09205D20204A36003A43EC /* MTBannerFooter.h */ = {isa = PBXFileReference; lastKnownFileType = sourcecode.c.h; path = MTBannerFooter.h; sourceTree = "<group>"; };
		4C09205E20204A36003A43EC /* MTBannerFooter.m */ = {isa = PBXFileReference; lastKnownFileType = sourcecode.c.objc; path = MTBannerFooter.m; sourceTree = "<group>"; };
		4C09206120204BFD003A43EC /* MTBannerView.h */ = {isa = PBXFileReference; lastKnownFileType = sourcecode.c.h; path = MTBannerView.h; sourceTree = "<group>"; };
		4C09206220204BFD003A43EC /* MTBannerView.m */ = {isa = PBXFileReference; lastKnownFileType = sourcecode.c.objc; path = MTBannerView.m; sourceTree = "<group>"; };
		4C09206620204F46003A43EC /* MTQRCode.h */ = {isa = PBXFileReference; lastKnownFileType = sourcecode.c.h; path = MTQRCode.h; sourceTree = "<group>"; };
		4C09206720204F46003A43EC /* MTQRCode.m */ = {isa = PBXFileReference; lastKnownFileType = sourcecode.c.objc; path = MTQRCode.m; sourceTree = "<group>"; };
		4C09206A20204FAD003A43EC /* MTScanBoxLine.h */ = {isa = PBXFileReference; lastKnownFileType = sourcecode.c.h; path = MTScanBoxLine.h; sourceTree = "<group>"; };
		4C09206B20204FAD003A43EC /* MTScanBoxLine.m */ = {isa = PBXFileReference; lastKnownFileType = sourcecode.c.objc; path = MTScanBoxLine.m; sourceTree = "<group>"; };
		4C09206E20205367003A43EC /* MT_ComponetHeader.h */ = {isa = PBXFileReference; lastKnownFileType = sourcecode.c.h; path = MT_ComponetHeader.h; sourceTree = "<group>"; };
		4C782BEA200F346900DBE3C2 /* NSUserDefaults+MTExt.h */ = {isa = PBXFileReference; lastKnownFileType = sourcecode.c.h; path = "NSUserDefaults+MTExt.h"; sourceTree = "<group>"; };
		4C782BEB200F346900DBE3C2 /* NSUserDefaults+MTExt.m */ = {isa = PBXFileReference; lastKnownFileType = sourcecode.c.objc; path = "NSUserDefaults+MTExt.m"; sourceTree = "<group>"; };
		4C782BEE200F357400DBE3C2 /* MT_FoundationHeader.h */ = {isa = PBXFileReference; lastKnownFileType = sourcecode.c.h; path = MT_FoundationHeader.h; sourceTree = "<group>"; };
		4C782BF0200F35D600DBE3C2 /* CALayer+MTExt.h */ = {isa = PBXFileReference; lastKnownFileType = sourcecode.c.h; path = "CALayer+MTExt.h"; sourceTree = "<group>"; };
		4C782BF1200F35D600DBE3C2 /* CALayer+MTExt.m */ = {isa = PBXFileReference; lastKnownFileType = sourcecode.c.objc; path = "CALayer+MTExt.m"; sourceTree = "<group>"; };
		4C782BF6200F362900DBE3C2 /* UILabel+MTExt.h */ = {isa = PBXFileReference; lastKnownFileType = sourcecode.c.h; path = "UILabel+MTExt.h"; sourceTree = "<group>"; };
		4C782BF7200F362900DBE3C2 /* UILabel+MTExt.m */ = {isa = PBXFileReference; lastKnownFileType = sourcecode.c.objc; path = "UILabel+MTExt.m"; sourceTree = "<group>"; };
		4C782BFB200F372400DBE3C2 /* UIViewController+MTExtBack.h */ = {isa = PBXFileReference; lastKnownFileType = sourcecode.c.h; path = "UIViewController+MTExtBack.h"; sourceTree = "<group>"; };
		4C782BFC200F372400DBE3C2 /* UIViewController+MTExtBack.m */ = {isa = PBXFileReference; lastKnownFileType = sourcecode.c.objc; path = "UIViewController+MTExtBack.m"; sourceTree = "<group>"; };
		4C782C00200F379F00DBE3C2 /* UIView+MTExt.h */ = {isa = PBXFileReference; lastKnownFileType = sourcecode.c.h; path = "UIView+MTExt.h"; sourceTree = "<group>"; };
		4C782C01200F379F00DBE3C2 /* UIView+MTExt.m */ = {isa = PBXFileReference; lastKnownFileType = sourcecode.c.objc; path = "UIView+MTExt.m"; sourceTree = "<group>"; };
		4C782C04200F382B00DBE3C2 /* UIView+MTExtTouchArea.h */ = {isa = PBXFileReference; lastKnownFileType = sourcecode.c.h; path = "UIView+MTExtTouchArea.h"; sourceTree = "<group>"; };
		4C782C05200F382B00DBE3C2 /* UIView+MTExtTouchArea.m */ = {isa = PBXFileReference; lastKnownFileType = sourcecode.c.objc; path = "UIView+MTExtTouchArea.m"; sourceTree = "<group>"; };
		4C782C09200F38E800DBE3C2 /* UITextView+MTExt.h */ = {isa = PBXFileReference; lastKnownFileType = sourcecode.c.h; path = "UITextView+MTExt.h"; sourceTree = "<group>"; };
		4C782C0A200F38E800DBE3C2 /* UITextView+MTExt.m */ = {isa = PBXFileReference; lastKnownFileType = sourcecode.c.objc; path = "UITextView+MTExt.m"; sourceTree = "<group>"; };
		4C782C0E200F399F00DBE3C2 /* UITextField+MTExt.h */ = {isa = PBXFileReference; lastKnownFileType = sourcecode.c.h; path = "UITextField+MTExt.h"; sourceTree = "<group>"; };
		4C782C0F200F399F00DBE3C2 /* UITextField+MTExt.m */ = {isa = PBXFileReference; lastKnownFileType = sourcecode.c.objc; path = "UITextField+MTExt.m"; sourceTree = "<group>"; };
		4C782C13200F3B1200DBE3C2 /* UITableView+MTExt.h */ = {isa = PBXFileReference; lastKnownFileType = sourcecode.c.h; path = "UITableView+MTExt.h"; sourceTree = "<group>"; };
		4C782C14200F3B1200DBE3C2 /* UITableView+MTExt.m */ = {isa = PBXFileReference; lastKnownFileType = sourcecode.c.objc; path = "UITableView+MTExt.m"; sourceTree = "<group>"; };
		4C782C18200F3C7D00DBE3C2 /* UIScrollView+MTExt.h */ = {isa = PBXFileReference; lastKnownFileType = sourcecode.c.h; path = "UIScrollView+MTExt.h"; sourceTree = "<group>"; };
		4C782C19200F3C7D00DBE3C2 /* UIScrollView+MTExt.m */ = {isa = PBXFileReference; lastKnownFileType = sourcecode.c.objc; path = "UIScrollView+MTExt.m"; sourceTree = "<group>"; };
		4C782C1D200F3CE000DBE3C2 /* UINavigationController+MTExt.h */ = {isa = PBXFileReference; lastKnownFileType = sourcecode.c.h; path = "UINavigationController+MTExt.h"; sourceTree = "<group>"; };
		4C782C1E200F3CE000DBE3C2 /* UINavigationController+MTExt.m */ = {isa = PBXFileReference; lastKnownFileType = sourcecode.c.objc; path = "UINavigationController+MTExt.m"; sourceTree = "<group>"; };
		4C782C22200F3D4200DBE3C2 /* UINavigationBar+MTExtBGColor.h */ = {isa = PBXFileReference; lastKnownFileType = sourcecode.c.h; path = "UINavigationBar+MTExtBGColor.h"; sourceTree = "<group>"; };
		4C782C23200F3D4200DBE3C2 /* UINavigationBar+MTExtBGColor.m */ = {isa = PBXFileReference; lastKnownFileType = sourcecode.c.objc; path = "UINavigationBar+MTExtBGColor.m"; sourceTree = "<group>"; };
		4C782C27200F3DB100DBE3C2 /* UIImageView+MTExt.h */ = {isa = PBXFileReference; lastKnownFileType = sourcecode.c.h; path = "UIImageView+MTExt.h"; sourceTree = "<group>"; };
		4C782C28200F3DB100DBE3C2 /* UIImageView+MTExt.m */ = {isa = PBXFileReference; lastKnownFileType = sourcecode.c.objc; path = "UIImageView+MTExt.m"; sourceTree = "<group>"; };
		4C782C2C200F3F7100DBE3C2 /* UIImage+MTExt.h */ = {isa = PBXFileReference; lastKnownFileType = sourcecode.c.h; path = "UIImage+MTExt.h"; sourceTree = "<group>"; };
		4C782C2D200F3F7100DBE3C2 /* UIImage+MTExt.m */ = {isa = PBXFileReference; lastKnownFileType = sourcecode.c.objc; path = "UIImage+MTExt.m"; sourceTree = "<group>"; };
		4C782C31200F42DD00DBE3C2 /* YYCGUtilities.m */ = {isa = PBXFileReference; fileEncoding = 4; lastKnownFileType = sourcecode.c.objc; path = YYCGUtilities.m; sourceTree = "<group>"; };
		4C782C32200F42DD00DBE3C2 /* YYCGUtilities.h */ = {isa = PBXFileReference; fileEncoding = 4; lastKnownFileType = sourcecode.c.h; path = YYCGUtilities.h; sourceTree = "<group>"; };
		4C782C35200F433200DBE3C2 /* UIImage+MTExtEffect.h */ = {isa = PBXFileReference; lastKnownFileType = sourcecode.c.h; path = "UIImage+MTExtEffect.h"; sourceTree = "<group>"; };
		4C782C36200F433200DBE3C2 /* UIImage+MTExtEffect.m */ = {isa = PBXFileReference; lastKnownFileType = sourcecode.c.objc; path = "UIImage+MTExtEffect.m"; sourceTree = "<group>"; };
		4C782C3A200F43A500DBE3C2 /* UIGestureRecognizer+MTExt.h */ = {isa = PBXFileReference; lastKnownFileType = sourcecode.c.h; path = "UIGestureRecognizer+MTExt.h"; sourceTree = "<group>"; };
		4C782C3B200F43A500DBE3C2 /* UIGestureRecognizer+MTExt.m */ = {isa = PBXFileReference; lastKnownFileType = sourcecode.c.objc; path = "UIGestureRecognizer+MTExt.m"; sourceTree = "<group>"; };
		4C782C3F200F443000DBE3C2 /* UIFont+MTExt.h */ = {isa = PBXFileReference; lastKnownFileType = sourcecode.c.h; path = "UIFont+MTExt.h"; sourceTree = "<group>"; };
		4C782C40200F443000DBE3C2 /* UIFont+MTExt.m */ = {isa = PBXFileReference; lastKnownFileType = sourcecode.c.objc; path = "UIFont+MTExt.m"; sourceTree = "<group>"; };
		4C782C44200F44AD00DBE3C2 /* UIDevice+MTExt.h */ = {isa = PBXFileReference; lastKnownFileType = sourcecode.c.h; path = "UIDevice+MTExt.h"; sourceTree = "<group>"; };
		4C782C45200F44AD00DBE3C2 /* UIDevice+MTExt.m */ = {isa = PBXFileReference; lastKnownFileType = sourcecode.c.objc; path = "UIDevice+MTExt.m"; sourceTree = "<group>"; };
		4C782C49200F456F00DBE3C2 /* UIControl+MTExt.h */ = {isa = PBXFileReference; lastKnownFileType = sourcecode.c.h; path = "UIControl+MTExt.h"; sourceTree = "<group>"; };
		4C782C4A200F456F00DBE3C2 /* UIControl+MTExt.m */ = {isa = PBXFileReference; lastKnownFileType = sourcecode.c.objc; path = "UIControl+MTExt.m"; sourceTree = "<group>"; };
		4C782C4E200F45C400DBE3C2 /* UIColor+MTExt.h */ = {isa = PBXFileReference; lastKnownFileType = sourcecode.c.h; path = "UIColor+MTExt.h"; sourceTree = "<group>"; };
		4C782C4F200F45C400DBE3C2 /* UIColor+MTExt.m */ = {isa = PBXFileReference; lastKnownFileType = sourcecode.c.objc; path = "UIColor+MTExt.m"; sourceTree = "<group>"; };
		4C782C53200F461600DBE3C2 /* UIButton+MTExt.h */ = {isa = PBXFileReference; lastKnownFileType = sourcecode.c.h; path = "UIButton+MTExt.h"; sourceTree = "<group>"; };
		4C782C54200F461600DBE3C2 /* UIButton+MTExt.m */ = {isa = PBXFileReference; lastKnownFileType = sourcecode.c.objc; path = "UIButton+MTExt.m"; sourceTree = "<group>"; };
		4C782C57200F46BB00DBE3C2 /* UIButton+MTExtCountDown.h */ = {isa = PBXFileReference; lastKnownFileType = sourcecode.c.h; path = "UIButton+MTExtCountDown.h"; sourceTree = "<group>"; };
		4C782C58200F46BB00DBE3C2 /* UIButton+MTExtCountDown.m */ = {isa = PBXFileReference; lastKnownFileType = sourcecode.c.objc; path = "UIButton+MTExtCountDown.m"; sourceTree = "<group>"; };
		4C782C5B200F46F200DBE3C2 /* UIButton+MTExtImagePosition.h */ = {isa = PBXFileReference; lastKnownFileType = sourcecode.c.h; path = "UIButton+MTExtImagePosition.h"; sourceTree = "<group>"; };
		4C782C5C200F46F200DBE3C2 /* UIButton+MTExtImagePosition.m */ = {isa = PBXFileReference; lastKnownFileType = sourcecode.c.objc; path = "UIButton+MTExtImagePosition.m"; sourceTree = "<group>"; };
		4C782C5F200F474400DBE3C2 /* UIButton+MTExtLayer.h */ = {isa = PBXFileReference; lastKnownFileType = sourcecode.c.h; path = "UIButton+MTExtLayer.h"; sourceTree = "<group>"; };
		4C782C60200F474400DBE3C2 /* UIButton+MTExtLayer.m */ = {isa = PBXFileReference; lastKnownFileType = sourcecode.c.objc; path = "UIButton+MTExtLayer.m"; sourceTree = "<group>"; };
		4C782C64200F485A00DBE3C2 /* UIBezierPath+MTExt.h */ = {isa = PBXFileReference; lastKnownFileType = sourcecode.c.h; path = "UIBezierPath+MTExt.h"; sourceTree = "<group>"; };
		4C782C65200F485A00DBE3C2 /* UIBezierPath+MTExt.m */ = {isa = PBXFileReference; lastKnownFileType = sourcecode.c.objc; path = "UIBezierPath+MTExt.m"; sourceTree = "<group>"; };
		4C782C69200F48A700DBE3C2 /* UIBarButtonItem+MTExt.h */ = {isa = PBXFileReference; lastKnownFileType = sourcecode.c.h; path = "UIBarButtonItem+MTExt.h"; sourceTree = "<group>"; };
		4C782C6A200F48A700DBE3C2 /* UIBarButtonItem+MTExt.m */ = {isa = PBXFileReference; lastKnownFileType = sourcecode.c.objc; path = "UIBarButtonItem+MTExt.m"; sourceTree = "<group>"; };
		4C782C6E200F498C00DBE3C2 /* UIApplication+MTExt.h */ = {isa = PBXFileReference; lastKnownFileType = sourcecode.c.h; path = "UIApplication+MTExt.h"; sourceTree = "<group>"; };
		4C782C6F200F498C00DBE3C2 /* UIApplication+MTExt.m */ = {isa = PBXFileReference; lastKnownFileType = sourcecode.c.objc; path = "UIApplication+MTExt.m"; sourceTree = "<group>"; };
		4C782C76200F49FA00DBE3C2 /* MT_UIKitHeader.h */ = {isa = PBXFileReference; lastKnownFileType = sourcecode.c.h; path = MT_UIKitHeader.h; sourceTree = "<group>"; };
		4C782C77200F4B0900DBE3C2 /* YYCategoriesMacro.h */ = {isa = PBXFileReference; fileEncoding = 4; lastKnownFileType = sourcecode.c.h; path = YYCategoriesMacro.h; sourceTree = "<group>"; };
		4C782C79200F4B3400DBE3C2 /* MT_CategoryHeader.h */ = {isa = PBXFileReference; lastKnownFileType = sourcecode.c.h; path = MT_CategoryHeader.h; sourceTree = "<group>"; };
		4C85045A21266FEE00F247AD /* MTLogUtil.h */ = {isa = PBXFileReference; lastKnownFileType = sourcecode.c.h; path = MTLogUtil.h; sourceTree = "<group>"; };
		4C85045B21266FEE00F247AD /* MTLogUtil.m */ = {isa = PBXFileReference; lastKnownFileType = sourcecode.c.objc; path = MTLogUtil.m; sourceTree = "<group>"; };
		4CB458CC203E4EAF00CA8D38 /* UserInfoUtil.h */ = {isa = PBXFileReference; lastKnownFileType = sourcecode.c.h; path = UserInfoUtil.h; sourceTree = "<group>"; };
		4CB458CD203E4EAF00CA8D38 /* UserInfoUtil.m */ = {isa = PBXFileReference; lastKnownFileType = sourcecode.c.objc; path = UserInfoUtil.m; sourceTree = "<group>"; };
		4CB458D1203E530100CA8D38 /* MTDataSource.h */ = {isa = PBXFileReference; lastKnownFileType = sourcecode.c.h; path = MTDataSource.h; sourceTree = "<group>"; };
		4CB458D2203E530100CA8D38 /* MTDataSource.m */ = {isa = PBXFileReference; lastKnownFileType = sourcecode.c.objc; path = MTDataSource.m; sourceTree = "<group>"; };
		4CB458D6203E548800CA8D38 /* MTQRCodeUtil.h */ = {isa = PBXFileReference; lastKnownFileType = sourcecode.c.h; path = MTQRCodeUtil.h; sourceTree = "<group>"; };
		4CB458D7203E548800CA8D38 /* MTQRCodeUtil.m */ = {isa = PBXFileReference; lastKnownFileType = sourcecode.c.objc; path = MTQRCodeUtil.m; sourceTree = "<group>"; };
		4CB458DB203E553300CA8D38 /* MTProgressHUD.h */ = {isa = PBXFileReference; lastKnownFileType = sourcecode.c.h; path = MTProgressHUD.h; sourceTree = "<group>"; };
		4CB458DC203E553300CA8D38 /* MTProgressHUD.m */ = {isa = PBXFileReference; lastKnownFileType = sourcecode.c.objc; path = MTProgressHUD.m; sourceTree = "<group>"; };
		4CB458E0203E57AF00CA8D38 /* MTAlertUtil.h */ = {isa = PBXFileReference; lastKnownFileType = sourcecode.c.h; path = MTAlertUtil.h; sourceTree = "<group>"; };
		4CB458E1203E57AF00CA8D38 /* MTAlertUtil.m */ = {isa = PBXFileReference; lastKnownFileType = sourcecode.c.objc; path = MTAlertUtil.m; sourceTree = "<group>"; };
		4CB458E5203E59E900CA8D38 /* AppInfoUtil.h */ = {isa = PBXFileReference; lastKnownFileType = sourcecode.c.h; path = AppInfoUtil.h; sourceTree = "<group>"; };
		4CB458E6203E59E900CA8D38 /* AppInfoUtil.m */ = {isa = PBXFileReference; lastKnownFileType = sourcecode.c.objc; path = AppInfoUtil.m; sourceTree = "<group>"; };
		4CB458E9203E5B1400CA8D38 /* MT_Utils_Header.h */ = {isa = PBXFileReference; lastKnownFileType = sourcecode.c.h; path = MT_Utils_Header.h; sourceTree = "<group>"; };
		4CB458EB203E5BAD00CA8D38 /* MT_Define_App.h */ = {isa = PBXFileReference; lastKnownFileType = sourcecode.c.h; path = MT_Define_App.h; sourceTree = "<group>"; };
		4CB458EC203E5C3C00CA8D38 /* MT_Define_Singleton.h */ = {isa = PBXFileReference; lastKnownFileType = sourcecode.c.h; path = MT_Define_Singleton.h; sourceTree = "<group>"; };
		4CB458F0203E5CEA00CA8D38 /* UIViewController+MTExt2Parameter.h */ = {isa = PBXFileReference; lastKnownFileType = sourcecode.c.h; path = "UIViewController+MTExt2Parameter.h"; sourceTree = "<group>"; };
		4CB458F1203E5CEA00CA8D38 /* UIViewController+MTExt2Parameter.m */ = {isa = PBXFileReference; lastKnownFileType = sourcecode.c.objc; path = "UIViewController+MTExt2Parameter.m"; sourceTree = "<group>"; };
		4CB458F4203E5D7C00CA8D38 /* MTMediator.h */ = {isa = PBXFileReference; lastKnownFileType = sourcecode.c.h; path = MTMediator.h; sourceTree = "<group>"; };
		4CB458F5203E5D7C00CA8D38 /* MTMediator.m */ = {isa = PBXFileReference; lastKnownFileType = sourcecode.c.objc; path = MTMediator.m; sourceTree = "<group>"; };
		4CB458F9203E5E3700CA8D38 /* MT_Reachability.h */ = {isa = PBXFileReference; lastKnownFileType = sourcecode.c.h; path = MT_Reachability.h; sourceTree = "<group>"; };
		4CB458FA203E5E3700CA8D38 /* MT_Reachability.m */ = {isa = PBXFileReference; lastKnownFileType = sourcecode.c.objc; path = MT_Reachability.m; sourceTree = "<group>"; };
		4CB458FE203E65D500CA8D38 /* MTConstants.h */ = {isa = PBXFileReference; lastKnownFileType = sourcecode.c.h; path = MTConstants.h; sourceTree = "<group>"; };
		4CB458FF203E65D500CA8D38 /* MTConstants.m */ = {isa = PBXFileReference; lastKnownFileType = sourcecode.c.objc; path = MTConstants.m; sourceTree = "<group>"; };
		4CB45903203E66BA00CA8D38 /* MTAPIClient.h */ = {isa = PBXFileReference; lastKnownFileType = sourcecode.c.h; path = MTAPIClient.h; sourceTree = "<group>"; };
		4CB45904203E66BA00CA8D38 /* MTAPIClient.m */ = {isa = PBXFileReference; lastKnownFileType = sourcecode.c.objc; path = MTAPIClient.m; sourceTree = "<group>"; };
		4CB45907203E66D300CA8D38 /* MTFileAction.h */ = {isa = PBXFileReference; lastKnownFileType = sourcecode.c.h; path = MTFileAction.h; sourceTree = "<group>"; };
		4CB45908203E66D300CA8D38 /* MTFileAction.m */ = {isa = PBXFileReference; lastKnownFileType = sourcecode.c.objc; path = MTFileAction.m; sourceTree = "<group>"; };
		4CB4590B203E66E300CA8D38 /* MTHttpAction.h */ = {isa = PBXFileReference; lastKnownFileType = sourcecode.c.h; path = MTHttpAction.h; sourceTree = "<group>"; };
		4CB4590C203E66E300CA8D38 /* MTHttpAction.m */ = {isa = PBXFileReference; lastKnownFileType = sourcecode.c.objc; path = MTHttpAction.m; sourceTree = "<group>"; };
		4CB4590F203E670600CA8D38 /* AFURLSessionManager+MTDownload.h */ = {isa = PBXFileReference; lastKnownFileType = sourcecode.c.h; path = "AFURLSessionManager+MTDownload.h"; sourceTree = "<group>"; };
		4CB45910203E670600CA8D38 /* AFURLSessionManager+MTDownload.m */ = {isa = PBXFileReference; lastKnownFileType = sourcecode.c.objc; path = "AFURLSessionManager+MTDownload.m"; sourceTree = "<group>"; };
		4CB45913203E6B8A00CA8D38 /* BaseService.h */ = {isa = PBXFileReference; lastKnownFileType = sourcecode.c.h; path = BaseService.h; sourceTree = "<group>"; };
		4CB45914203E6B8A00CA8D38 /* BaseService.m */ = {isa = PBXFileReference; lastKnownFileType = sourcecode.c.objc; path = BaseService.m; sourceTree = "<group>"; };
		F1DFFB573B6D1B8CD2FE0B6A /* Pods-MTKit.release.xcconfig */ = {isa = PBXFileReference; includeInIndex = 1; lastKnownFileType = text.xcconfig; name = "Pods-MTKit.release.xcconfig"; path = "Pods/Target Support Files/Pods-MTKit/Pods-MTKit.release.xcconfig"; sourceTree = "<group>"; };
		FC66A0C4BC5D5F739438FBDB /* libPods-MTKit.a */ = {isa = PBXFileReference; explicitFileType = archive.ar; includeInIndex = 0; path = "libPods-MTKit.a"; sourceTree = BUILT_PRODUCTS_DIR; };
		FDC6FBDA2005B13800DADE06 /* NSDate+MTExtInternetDate.h */ = {isa = PBXFileReference; lastKnownFileType = sourcecode.c.h; path = "NSDate+MTExtInternetDate.h"; sourceTree = "<group>"; };
		FDC6FBDB2005B13800DADE06 /* NSDate+MTExtInternetDate.m */ = {isa = PBXFileReference; lastKnownFileType = sourcecode.c.objc; path = "NSDate+MTExtInternetDate.m"; sourceTree = "<group>"; };
		FDC6FBDF2005B56000DADE06 /* NSDictionary+MTExt.h */ = {isa = PBXFileReference; lastKnownFileType = sourcecode.c.h; path = "NSDictionary+MTExt.h"; sourceTree = "<group>"; };
		FDC6FBE02005B56000DADE06 /* NSDictionary+MTExt.m */ = {isa = PBXFileReference; lastKnownFileType = sourcecode.c.objc; path = "NSDictionary+MTExt.m"; sourceTree = "<group>"; };
		FDC6FBE32005B64500DADE06 /* NSDictionary+MTExtUrlParam.h */ = {isa = PBXFileReference; lastKnownFileType = sourcecode.c.h; path = "NSDictionary+MTExtUrlParam.h"; sourceTree = "<group>"; };
		FDC6FBE42005B64500DADE06 /* NSDictionary+MTExtUrlParam.m */ = {isa = PBXFileReference; lastKnownFileType = sourcecode.c.objc; path = "NSDictionary+MTExtUrlParam.m"; sourceTree = "<group>"; };
		FDC6FBE82005B6FD00DADE06 /* NSNumber+MTExt.h */ = {isa = PBXFileReference; lastKnownFileType = sourcecode.c.h; path = "NSNumber+MTExt.h"; sourceTree = "<group>"; };
		FDC6FBE92005B6FD00DADE06 /* NSNumber+MTExt.m */ = {isa = PBXFileReference; lastKnownFileType = sourcecode.c.objc; path = "NSNumber+MTExt.m"; sourceTree = "<group>"; };
		FDC6FBF42005BA9300DADE06 /* NSObject+MTExt.h */ = {isa = PBXFileReference; lastKnownFileType = sourcecode.c.h; path = "NSObject+MTExt.h"; sourceTree = "<group>"; };
		FDC6FBF52005BA9300DADE06 /* NSObject+MTExt.m */ = {isa = PBXFileReference; lastKnownFileType = sourcecode.c.objc; path = "NSObject+MTExt.m"; sourceTree = "<group>"; };
		FDC6FBF92005BB1700DADE06 /* NSString+MTExt.h */ = {isa = PBXFileReference; lastKnownFileType = sourcecode.c.h; path = "NSString+MTExt.h"; sourceTree = "<group>"; };
		FDC6FBFA2005BB1700DADE06 /* NSString+MTExt.m */ = {isa = PBXFileReference; lastKnownFileType = sourcecode.c.objc; path = "NSString+MTExt.m"; sourceTree = "<group>"; };
		FDC6FBFD2005BFA500DADE06 /* NSString+MTExtFrame.h */ = {isa = PBXFileReference; lastKnownFileType = sourcecode.c.h; path = "NSString+MTExtFrame.h"; sourceTree = "<group>"; };
		FDC6FBFE2005BFA500DADE06 /* NSString+MTExtFrame.m */ = {isa = PBXFileReference; lastKnownFileType = sourcecode.c.objc; path = "NSString+MTExtFrame.m"; sourceTree = "<group>"; };
		FDC6FC012005C08400DADE06 /* NSString+MTExtHash.h */ = {isa = PBXFileReference; lastKnownFileType = sourcecode.c.h; path = "NSString+MTExtHash.h"; sourceTree = "<group>"; };
		FDC6FC022005C08400DADE06 /* NSString+MTExtHash.m */ = {isa = PBXFileReference; lastKnownFileType = sourcecode.c.objc; path = "NSString+MTExtHash.m"; sourceTree = "<group>"; };
		FDC6FC052005C13200DADE06 /* NSString+MTExtVertify.h */ = {isa = PBXFileReference; lastKnownFileType = sourcecode.c.h; path = "NSString+MTExtVertify.h"; sourceTree = "<group>"; };
		FDC6FC062005C13200DADE06 /* NSString+MTExtVertify.m */ = {isa = PBXFileReference; lastKnownFileType = sourcecode.c.objc; path = "NSString+MTExtVertify.m"; sourceTree = "<group>"; };
		FDC6FC0A2005C22800DADE06 /* NSTimer+MTExt.h */ = {isa = PBXFileReference; lastKnownFileType = sourcecode.c.h; path = "NSTimer+MTExt.h"; sourceTree = "<group>"; };
		FDC6FC0B2005C22800DADE06 /* NSTimer+MTExt.m */ = {isa = PBXFileReference; lastKnownFileType = sourcecode.c.objc; path = "NSTimer+MTExt.m"; sourceTree = "<group>"; };
		FDF0DA1F2004B85600E53015 /* MTKit.framework */ = {isa = PBXFileReference; explicitFileType = wrapper.framework; includeInIndex = 0; path = MTKit.framework; sourceTree = BUILT_PRODUCTS_DIR; };
		FDF0DA222004B85600E53015 /* MTKit.h */ = {isa = PBXFileReference; lastKnownFileType = sourcecode.c.h; path = MTKit.h; sourceTree = "<group>"; };
		FDF0DA232004B85600E53015 /* Info.plist */ = {isa = PBXFileReference; lastKnownFileType = text.plist.xml; path = Info.plist; sourceTree = "<group>"; };
		FDF0DA2F2004C62300E53015 /* NSData+MTExt.h */ = {isa = PBXFileReference; lastKnownFileType = sourcecode.c.h; path = "NSData+MTExt.h"; sourceTree = "<group>"; };
		FDF0DA302004C62300E53015 /* NSData+MTExt.m */ = {isa = PBXFileReference; lastKnownFileType = sourcecode.c.objc; path = "NSData+MTExt.m"; sourceTree = "<group>"; };
		FDF0DA342004C8F100E53015 /* NSDate+MTExtFormat.h */ = {isa = PBXFileReference; lastKnownFileType = sourcecode.c.h; path = "NSDate+MTExtFormat.h"; sourceTree = "<group>"; };
		FDF0DA352004C8F100E53015 /* NSDate+MTExtFormat.m */ = {isa = PBXFileReference; lastKnownFileType = sourcecode.c.objc; path = "NSDate+MTExtFormat.m"; sourceTree = "<group>"; };
		FDF0DA382004C9ED00E53015 /* NSDate+MTExt.h */ = {isa = PBXFileReference; lastKnownFileType = sourcecode.c.h; path = "NSDate+MTExt.h"; sourceTree = "<group>"; };
		FDF0DA392004C9ED00E53015 /* NSDate+MTExt.m */ = {isa = PBXFileReference; lastKnownFileType = sourcecode.c.objc; path = "NSDate+MTExt.m"; sourceTree = "<group>"; };
/* End PBXFileReference section */

/* Begin PBXFrameworksBuildPhase section */
		FDF0DA1B2004B85600E53015 /* Frameworks */ = {
			isa = PBXFrameworksBuildPhase;
			buildActionMask = 2147483647;
			files = (
				24C58063AE7BAD326FF0D80C /* libPods-MTKit.a in Frameworks */,
			);
			runOnlyForDeploymentPostprocessing = 0;
		};
/* End PBXFrameworksBuildPhase section */

/* Begin PBXGroup section */
		4C09204E20204822003A43EC /* Core */ = {
			isa = PBXGroup;
			children = (
				4CB458EF203E5C8E00CA8D38 /* Action */,
				4CB458EE203E5C7400CA8D38 /* Service */,
				4CB458ED203E5C5F00CA8D38 /* MTMediator */,
			);
			path = Core;
			sourceTree = "<group>";
		};
		4C09204F2020485D003A43EC /* Component */ = {
			isa = PBXGroup;
			children = (
				4C09206E20205367003A43EC /* MT_ComponetHeader.h */,
				4C09205020204870003A43EC /* MTBanner */,
				4C09206520204EE5003A43EC /* MTQRCode */,
			);
			path = Component;
			sourceTree = "<group>";
		};
		4C09205020204870003A43EC /* MTBanner */ = {
			isa = PBXGroup;
			children = (
				4C0920532020491D003A43EC /* MTBanner_arrow@2x.png */,
				4C0920552020495C003A43EC /* MTBannerCell.h */,
				4C0920562020495C003A43EC /* MTBannerCell.m */,
				4C09205D20204A36003A43EC /* MTBannerFooter.h */,
				4C09205E20204A36003A43EC /* MTBannerFooter.m */,
				4C09206120204BFD003A43EC /* MTBannerView.h */,
				4C09206220204BFD003A43EC /* MTBannerView.m */,
			);
			path = MTBanner;
			sourceTree = "<group>";
		};
		4C09206520204EE5003A43EC /* MTQRCode */ = {
			isa = PBXGroup;
			children = (
				4C09206620204F46003A43EC /* MTQRCode.h */,
				4C09206720204F46003A43EC /* MTQRCode.m */,
				4C09206A20204FAD003A43EC /* MTScanBoxLine.h */,
				4C09206B20204FAD003A43EC /* MTScanBoxLine.m */,
			);
			path = MTQRCode;
			sourceTree = "<group>";
		};
		4C092070202056D9003A43EC /* Utils */ = {
			isa = PBXGroup;
			children = (
				4CB458E9203E5B1400CA8D38 /* MT_Utils_Header.h */,
				4C85045921266FBE00F247AD /* MTLogUtil */,
				4CEE1B37204008E600F96185 /* MTQRCodeUtil */,
				4CB458E4203E59B700CA8D38 /* AppInfoUtil */,
				4CB458DF203E579700CA8D38 /* MTAlertUtil */,
				4CB458DA203E551800CA8D38 /* MTProgressHUD */,
				4CB458D0203E52C400CA8D38 /* MTTableViewUtil */,
				4C092071202056F4003A43EC /* UserInfoUtil */,
			);
			path = Utils;
			sourceTree = "<group>";
		};
		4C092071202056F4003A43EC /* UserInfoUtil */ = {
			isa = PBXGroup;
			children = (
				4CB458CC203E4EAF00CA8D38 /* UserInfoUtil.h */,
				4CB458CD203E4EAF00CA8D38 /* UserInfoUtil.m */,
			);
			path = UserInfoUtil;
			sourceTree = "<group>";
		};
		4C782BE9200F343B00DBE3C2 /* NSUserDefaults */ = {
			isa = PBXGroup;
			children = (
				4C782BEA200F346900DBE3C2 /* NSUserDefaults+MTExt.h */,
				4C782BEB200F346900DBE3C2 /* NSUserDefaults+MTExt.m */,
			);
			path = NSUserDefaults;
			sourceTree = "<group>";
		};
		4C782BEF200F35B400DBE3C2 /* Quartz */ = {
			isa = PBXGroup;
			children = (
				4C782BF0200F35D600DBE3C2 /* CALayer+MTExt.h */,
				4C782BF1200F35D600DBE3C2 /* CALayer+MTExt.m */,
			);
			path = Quartz;
			sourceTree = "<group>";
		};
		4C782BF4200F35FD00DBE3C2 /* UIKit */ = {
			isa = PBXGroup;
			children = (
				4C782C76200F49FA00DBE3C2 /* MT_UIKitHeader.h */,
				4C782C6D200F497900DBE3C2 /* UIApplication */,
				4C782C68200F489C00DBE3C2 /* UIBarButtonItem */,
				4C782C63200F484700DBE3C2 /* UIBezierPath */,
				4C782C52200F460700DBE3C2 /* UIButton */,
				4C782C4D200F45B200DBE3C2 /* UIColor */,
				4C782C48200F455C00DBE3C2 /* UIControl */,
				4C782C43200F449900DBE3C2 /* UIDevice */,
				4C782C3E200F442000DBE3C2 /* UIFont */,
				4C782C39200F438900DBE3C2 /* UIGesture */,
				4C782C2B200F3F5300DBE3C2 /* UIImage */,
				4C782C26200F3D9900DBE3C2 /* UIImageView */,
				4C782C21200F3D2900DBE3C2 /* UINavigationBar */,
				4C782C1C200F3CC900DBE3C2 /* UINavigationController */,
				4C782C17200F3C6500DBE3C2 /* UIScrollView */,
				4C782C12200F3AF900DBE3C2 /* UITableView */,
				4C782C0D200F398900DBE3C2 /* UITextField */,
				4C782C08200F38C800DBE3C2 /* UITextView */,
				4C782BFF200F378900DBE3C2 /* UIView */,
				4C782BFA200F368C00DBE3C2 /* UIViewController */,
				4C782BF5200F361200DBE3C2 /* UILabel */,
			);
			path = UIKit;
			sourceTree = "<group>";
		};
		4C782BF5200F361200DBE3C2 /* UILabel */ = {
			isa = PBXGroup;
			children = (
				4C782BF6200F362900DBE3C2 /* UILabel+MTExt.h */,
				4C782BF7200F362900DBE3C2 /* UILabel+MTExt.m */,
			);
			path = UILabel;
			sourceTree = "<group>";
		};
		4C782BFA200F368C00DBE3C2 /* UIViewController */ = {
			isa = PBXGroup;
			children = (
				4C782BFB200F372400DBE3C2 /* UIViewController+MTExtBack.h */,
				4C782BFC200F372400DBE3C2 /* UIViewController+MTExtBack.m */,
			);
			path = UIViewController;
			sourceTree = "<group>";
		};
		4C782BFF200F378900DBE3C2 /* UIView */ = {
			isa = PBXGroup;
			children = (
				4C782C00200F379F00DBE3C2 /* UIView+MTExt.h */,
				4C782C01200F379F00DBE3C2 /* UIView+MTExt.m */,
				4C782C04200F382B00DBE3C2 /* UIView+MTExtTouchArea.h */,
				4C782C05200F382B00DBE3C2 /* UIView+MTExtTouchArea.m */,
			);
			path = UIView;
			sourceTree = "<group>";
		};
		4C782C08200F38C800DBE3C2 /* UITextView */ = {
			isa = PBXGroup;
			children = (
				4C782C09200F38E800DBE3C2 /* UITextView+MTExt.h */,
				4C782C0A200F38E800DBE3C2 /* UITextView+MTExt.m */,
			);
			path = UITextView;
			sourceTree = "<group>";
		};
		4C782C0D200F398900DBE3C2 /* UITextField */ = {
			isa = PBXGroup;
			children = (
				4C782C0E200F399F00DBE3C2 /* UITextField+MTExt.h */,
				4C782C0F200F399F00DBE3C2 /* UITextField+MTExt.m */,
			);
			path = UITextField;
			sourceTree = "<group>";
		};
		4C782C12200F3AF900DBE3C2 /* UITableView */ = {
			isa = PBXGroup;
			children = (
				4C782C13200F3B1200DBE3C2 /* UITableView+MTExt.h */,
				4C782C14200F3B1200DBE3C2 /* UITableView+MTExt.m */,
			);
			path = UITableView;
			sourceTree = "<group>";
		};
		4C782C17200F3C6500DBE3C2 /* UIScrollView */ = {
			isa = PBXGroup;
			children = (
				4C782C18200F3C7D00DBE3C2 /* UIScrollView+MTExt.h */,
				4C782C19200F3C7D00DBE3C2 /* UIScrollView+MTExt.m */,
			);
			path = UIScrollView;
			sourceTree = "<group>";
		};
		4C782C1C200F3CC900DBE3C2 /* UINavigationController */ = {
			isa = PBXGroup;
			children = (
				4C782C1D200F3CE000DBE3C2 /* UINavigationController+MTExt.h */,
				4C782C1E200F3CE000DBE3C2 /* UINavigationController+MTExt.m */,
			);
			path = UINavigationController;
			sourceTree = "<group>";
		};
		4C782C21200F3D2900DBE3C2 /* UINavigationBar */ = {
			isa = PBXGroup;
			children = (
				4C782C22200F3D4200DBE3C2 /* UINavigationBar+MTExtBGColor.h */,
				4C782C23200F3D4200DBE3C2 /* UINavigationBar+MTExtBGColor.m */,
			);
			path = UINavigationBar;
			sourceTree = "<group>";
		};
		4C782C26200F3D9900DBE3C2 /* UIImageView */ = {
			isa = PBXGroup;
			children = (
				4C782C27200F3DB100DBE3C2 /* UIImageView+MTExt.h */,
				4C782C28200F3DB100DBE3C2 /* UIImageView+MTExt.m */,
			);
			path = UIImageView;
			sourceTree = "<group>";
		};
		4C782C2B200F3F5300DBE3C2 /* UIImage */ = {
			isa = PBXGroup;
			children = (
				4C782C2C200F3F7100DBE3C2 /* UIImage+MTExt.h */,
				4C782C2D200F3F7100DBE3C2 /* UIImage+MTExt.m */,
				4C782C35200F433200DBE3C2 /* UIImage+MTExtEffect.h */,
				4C782C36200F433200DBE3C2 /* UIImage+MTExtEffect.m */,
			);
			path = UIImage;
			sourceTree = "<group>";
		};
		4C782C30200F429B00DBE3C2 /* YYUtils */ = {
			isa = PBXGroup;
			children = (
				4C782C32200F42DD00DBE3C2 /* YYCGUtilities.h */,
				4C782C31200F42DD00DBE3C2 /* YYCGUtilities.m */,
			);
			path = YYUtils;
			sourceTree = "<group>";
		};
		4C782C39200F438900DBE3C2 /* UIGesture */ = {
			isa = PBXGroup;
			children = (
				4C782C3A200F43A500DBE3C2 /* UIGestureRecognizer+MTExt.h */,
				4C782C3B200F43A500DBE3C2 /* UIGestureRecognizer+MTExt.m */,
			);
			path = UIGesture;
			sourceTree = "<group>";
		};
		4C782C3E200F442000DBE3C2 /* UIFont */ = {
			isa = PBXGroup;
			children = (
				4C782C3F200F443000DBE3C2 /* UIFont+MTExt.h */,
				4C782C40200F443000DBE3C2 /* UIFont+MTExt.m */,
			);
			path = UIFont;
			sourceTree = "<group>";
		};
		4C782C43200F449900DBE3C2 /* UIDevice */ = {
			isa = PBXGroup;
			children = (
				4C782C44200F44AD00DBE3C2 /* UIDevice+MTExt.h */,
				4C782C45200F44AD00DBE3C2 /* UIDevice+MTExt.m */,
			);
			path = UIDevice;
			sourceTree = "<group>";
		};
		4C782C48200F455C00DBE3C2 /* UIControl */ = {
			isa = PBXGroup;
			children = (
				4C782C49200F456F00DBE3C2 /* UIControl+MTExt.h */,
				4C782C4A200F456F00DBE3C2 /* UIControl+MTExt.m */,
			);
			path = UIControl;
			sourceTree = "<group>";
		};
		4C782C4D200F45B200DBE3C2 /* UIColor */ = {
			isa = PBXGroup;
			children = (
				4C782C4E200F45C400DBE3C2 /* UIColor+MTExt.h */,
				4C782C4F200F45C400DBE3C2 /* UIColor+MTExt.m */,
			);
			path = UIColor;
			sourceTree = "<group>";
		};
		4C782C52200F460700DBE3C2 /* UIButton */ = {
			isa = PBXGroup;
			children = (
				4C782C53200F461600DBE3C2 /* UIButton+MTExt.h */,
				4C782C54200F461600DBE3C2 /* UIButton+MTExt.m */,
				4C782C57200F46BB00DBE3C2 /* UIButton+MTExtCountDown.h */,
				4C782C58200F46BB00DBE3C2 /* UIButton+MTExtCountDown.m */,
				4C782C5B200F46F200DBE3C2 /* UIButton+MTExtImagePosition.h */,
				4C782C5C200F46F200DBE3C2 /* UIButton+MTExtImagePosition.m */,
				4C782C5F200F474400DBE3C2 /* UIButton+MTExtLayer.h */,
				4C782C60200F474400DBE3C2 /* UIButton+MTExtLayer.m */,
			);
			path = UIButton;
			sourceTree = "<group>";
		};
		4C782C63200F484700DBE3C2 /* UIBezierPath */ = {
			isa = PBXGroup;
			children = (
				4C782C64200F485A00DBE3C2 /* UIBezierPath+MTExt.h */,
				4C782C65200F485A00DBE3C2 /* UIBezierPath+MTExt.m */,
			);
			path = UIBezierPath;
			sourceTree = "<group>";
		};
		4C782C68200F489C00DBE3C2 /* UIBarButtonItem */ = {
			isa = PBXGroup;
			children = (
				4C782C69200F48A700DBE3C2 /* UIBarButtonItem+MTExt.h */,
				4C782C6A200F48A700DBE3C2 /* UIBarButtonItem+MTExt.m */,
			);
			path = UIBarButtonItem;
			sourceTree = "<group>";
		};
		4C782C6D200F497900DBE3C2 /* UIApplication */ = {
			isa = PBXGroup;
			children = (
				4C782C6E200F498C00DBE3C2 /* UIApplication+MTExt.h */,
				4C782C6F200F498C00DBE3C2 /* UIApplication+MTExt.m */,
			);
			path = UIApplication;
			sourceTree = "<group>";
		};
		4C85045921266FBE00F247AD /* MTLogUtil */ = {
			isa = PBXGroup;
			children = (
				4C85045A21266FEE00F247AD /* MTLogUtil.h */,
				4C85045B21266FEE00F247AD /* MTLogUtil.m */,
			);
			path = MTLogUtil;
			sourceTree = "<group>";
		};
		4CB458D0203E52C400CA8D38 /* MTTableViewUtil */ = {
			isa = PBXGroup;
			children = (
				4CB458D1203E530100CA8D38 /* MTDataSource.h */,
				4CB458D2203E530100CA8D38 /* MTDataSource.m */,
			);
			path = MTTableViewUtil;
			sourceTree = "<group>";
		};
		4CB458DA203E551800CA8D38 /* MTProgressHUD */ = {
			isa = PBXGroup;
			children = (
				4CB458DB203E553300CA8D38 /* MTProgressHUD.h */,
				4CB458DC203E553300CA8D38 /* MTProgressHUD.m */,
			);
			path = MTProgressHUD;
			sourceTree = "<group>";
		};
		4CB458DF203E579700CA8D38 /* MTAlertUtil */ = {
			isa = PBXGroup;
			children = (
				4CB458E0203E57AF00CA8D38 /* MTAlertUtil.h */,
				4CB458E1203E57AF00CA8D38 /* MTAlertUtil.m */,
			);
			path = MTAlertUtil;
			sourceTree = "<group>";
		};
		4CB458E4203E59B700CA8D38 /* AppInfoUtil */ = {
			isa = PBXGroup;
			children = (
				4CB458E5203E59E900CA8D38 /* AppInfoUtil.h */,
				4CB458E6203E59E900CA8D38 /* AppInfoUtil.m */,
			);
			path = AppInfoUtil;
			sourceTree = "<group>";
		};
		4CB458EA203E5B8C00CA8D38 /* Macros */ = {
			isa = PBXGroup;
			children = (
				4CB458EB203E5BAD00CA8D38 /* MT_Define_App.h */,
				4CB458EC203E5C3C00CA8D38 /* MT_Define_Singleton.h */,
			);
			path = Macros;
			sourceTree = "<group>";
		};
		4CB458ED203E5C5F00CA8D38 /* MTMediator */ = {
			isa = PBXGroup;
			children = (
				4CB458F4203E5D7C00CA8D38 /* MTMediator.h */,
				4CB458F5203E5D7C00CA8D38 /* MTMediator.m */,
				4CB458F0203E5CEA00CA8D38 /* UIViewController+MTExt2Parameter.h */,
				4CB458F1203E5CEA00CA8D38 /* UIViewController+MTExt2Parameter.m */,
			);
			path = MTMediator;
			sourceTree = "<group>";
		};
		4CB458EE203E5C7400CA8D38 /* Service */ = {
			isa = PBXGroup;
			children = (
				4CB45913203E6B8A00CA8D38 /* BaseService.h */,
				4CB45914203E6B8A00CA8D38 /* BaseService.m */,
			);
			path = Service;
			sourceTree = "<group>";
		};
		4CB458EF203E5C8E00CA8D38 /* Action */ = {
			isa = PBXGroup;
			children = (
				4CB45902203E669600CA8D38 /* Actions */,
				4CB458FD203E65C000CA8D38 /* Constants */,
				4CB458F8203E5E1C00CA8D38 /* Reachability */,
			);
			path = Action;
			sourceTree = "<group>";
		};
		4CB458F8203E5E1C00CA8D38 /* Reachability */ = {
			isa = PBXGroup;
			children = (
				4CB458F9203E5E3700CA8D38 /* MT_Reachability.h */,
				4CB458FA203E5E3700CA8D38 /* MT_Reachability.m */,
			);
			path = Reachability;
			sourceTree = "<group>";
		};
		4CB458FD203E65C000CA8D38 /* Constants */ = {
			isa = PBXGroup;
			children = (
				4CB458FE203E65D500CA8D38 /* MTConstants.h */,
				4CB458FF203E65D500CA8D38 /* MTConstants.m */,
			);
			path = Constants;
			sourceTree = "<group>";
		};
		4CB45902203E669600CA8D38 /* Actions */ = {
			isa = PBXGroup;
			children = (
				4CB4590F203E670600CA8D38 /* AFURLSessionManager+MTDownload.h */,
				4CB45910203E670600CA8D38 /* AFURLSessionManager+MTDownload.m */,
				4CB45903203E66BA00CA8D38 /* MTAPIClient.h */,
				4CB45904203E66BA00CA8D38 /* MTAPIClient.m */,
				4CB45907203E66D300CA8D38 /* MTFileAction.h */,
				4CB45908203E66D300CA8D38 /* MTFileAction.m */,
				4CB4590B203E66E300CA8D38 /* MTHttpAction.h */,
				4CB4590C203E66E300CA8D38 /* MTHttpAction.m */,
			);
			path = Actions;
			sourceTree = "<group>";
		};
		4CEE1B37204008E600F96185 /* MTQRCodeUtil */ = {
			isa = PBXGroup;
			children = (
				4CB458D6203E548800CA8D38 /* MTQRCodeUtil.h */,
				4CB458D7203E548800CA8D38 /* MTQRCodeUtil.m */,
			);
			path = MTQRCodeUtil;
			sourceTree = "<group>";
		};
		58CE74F10400C7B1FAD4041D /* Pods */ = {
			isa = PBXGroup;
			children = (
				0256BA0E6A032FFAD3E79954 /* Pods-MTKit.debug.xcconfig */,
				F1DFFB573B6D1B8CD2FE0B6A /* Pods-MTKit.release.xcconfig */,
			);
			name = Pods;
			sourceTree = "<group>";
		};
		BF034E540846A5FBAEC12976 /* Frameworks */ = {
			isa = PBXGroup;
			children = (
				FC66A0C4BC5D5F739438FBDB /* libPods-MTKit.a */,
			);
			name = Frameworks;
			sourceTree = "<group>";
		};
		FDC6FBDE2005B4DC00DADE06 /* NSDictionary */ = {
			isa = PBXGroup;
			children = (
				FDC6FBDF2005B56000DADE06 /* NSDictionary+MTExt.h */,
				FDC6FBE02005B56000DADE06 /* NSDictionary+MTExt.m */,
				FDC6FBE32005B64500DADE06 /* NSDictionary+MTExtUrlParam.h */,
				FDC6FBE42005B64500DADE06 /* NSDictionary+MTExtUrlParam.m */,
			);
			path = NSDictionary;
			sourceTree = "<group>";
		};
		FDC6FBE72005B6C800DADE06 /* NSNumber */ = {
			isa = PBXGroup;
			children = (
				FDC6FBE82005B6FD00DADE06 /* NSNumber+MTExt.h */,
				FDC6FBE92005B6FD00DADE06 /* NSNumber+MTExt.m */,
			);
			path = NSNumber;
			sourceTree = "<group>";
		};
		FDC6FBEF2005BA5100DADE06 /* NSObject */ = {
			isa = PBXGroup;
			children = (
				FDC6FBF42005BA9300DADE06 /* NSObject+MTExt.h */,
				FDC6FBF52005BA9300DADE06 /* NSObject+MTExt.m */,
			);
			path = NSObject;
			sourceTree = "<group>";
		};
		FDC6FBF82005BAFF00DADE06 /* NSString */ = {
			isa = PBXGroup;
			children = (
				FDC6FBF92005BB1700DADE06 /* NSString+MTExt.h */,
				FDC6FBFA2005BB1700DADE06 /* NSString+MTExt.m */,
				FDC6FBFD2005BFA500DADE06 /* NSString+MTExtFrame.h */,
				FDC6FBFE2005BFA500DADE06 /* NSString+MTExtFrame.m */,
				FDC6FC012005C08400DADE06 /* NSString+MTExtHash.h */,
				FDC6FC022005C08400DADE06 /* NSString+MTExtHash.m */,
				FDC6FC052005C13200DADE06 /* NSString+MTExtVertify.h */,
				FDC6FC062005C13200DADE06 /* NSString+MTExtVertify.m */,
			);
			path = NSString;
			sourceTree = "<group>";
		};
		FDC6FC092005C20B00DADE06 /* NSTimer */ = {
			isa = PBXGroup;
			children = (
				FDC6FC0A2005C22800DADE06 /* NSTimer+MTExt.h */,
				FDC6FC0B2005C22800DADE06 /* NSTimer+MTExt.m */,
			);
			path = NSTimer;
			sourceTree = "<group>";
		};
		FDF0DA152004B85600E53015 = {
			isa = PBXGroup;
			children = (
				FDF0DA212004B85600E53015 /* MTKit */,
				FDF0DA202004B85600E53015 /* Products */,
				58CE74F10400C7B1FAD4041D /* Pods */,
				BF034E540846A5FBAEC12976 /* Frameworks */,
			);
			sourceTree = "<group>";
		};
		FDF0DA202004B85600E53015 /* Products */ = {
			isa = PBXGroup;
			children = (
				FDF0DA1F2004B85600E53015 /* MTKit.framework */,
			);
			name = Products;
			sourceTree = "<group>";
		};
		FDF0DA212004B85600E53015 /* MTKit */ = {
			isa = PBXGroup;
			children = (
				FDF0DA2A2004BB7E00E53015 /* Category */,
				4C09204E20204822003A43EC /* Core */,
				4CB458EA203E5B8C00CA8D38 /* Macros */,
				4C092070202056D9003A43EC /* Utils */,
				4C09204F2020485D003A43EC /* Component */,
				FDF0DA222004B85600E53015 /* MTKit.h */,
				FDF0DA232004B85600E53015 /* Info.plist */,
			);
			path = MTKit;
			sourceTree = "<group>";
		};
		FDF0DA2A2004BB7E00E53015 /* Category */ = {
			isa = PBXGroup;
			children = (
				4C782C77200F4B0900DBE3C2 /* YYCategoriesMacro.h */,
				4C782C79200F4B3400DBE3C2 /* MT_CategoryHeader.h */,
				4C782BF4200F35FD00DBE3C2 /* UIKit */,
				4C782BEF200F35B400DBE3C2 /* Quartz */,
				FDF0DA2B2004BBC300E53015 /* Foundation */,
				4C782C30200F429B00DBE3C2 /* YYUtils */,
			);
			path = Category;
			sourceTree = "<group>";
		};
		FDF0DA2B2004BBC300E53015 /* Foundation */ = {
			isa = PBXGroup;
			children = (
				4C782BEE200F357400DBE3C2 /* MT_FoundationHeader.h */,
				4C782BE9200F343B00DBE3C2 /* NSUserDefaults */,
				FDC6FC092005C20B00DADE06 /* NSTimer */,
				FDC6FBF82005BAFF00DADE06 /* NSString */,
				FDC6FBEF2005BA5100DADE06 /* NSObject */,
				FDF0DA2E2004BBDC00E53015 /* NSData */,
				FDF0DA332004C89900E53015 /* NSDate */,
				FDC6FBDE2005B4DC00DADE06 /* NSDictionary */,
				FDC6FBE72005B6C800DADE06 /* NSNumber */,
			);
			path = Foundation;
			sourceTree = "<group>";
		};
		FDF0DA2E2004BBDC00E53015 /* NSData */ = {
			isa = PBXGroup;
			children = (
				FDF0DA2F2004C62300E53015 /* NSData+MTExt.h */,
				FDF0DA302004C62300E53015 /* NSData+MTExt.m */,
			);
			path = NSData;
			sourceTree = "<group>";
		};
		FDF0DA332004C89900E53015 /* NSDate */ = {
			isa = PBXGroup;
			children = (
				FDF0DA382004C9ED00E53015 /* NSDate+MTExt.h */,
				FDF0DA392004C9ED00E53015 /* NSDate+MTExt.m */,
				FDF0DA342004C8F100E53015 /* NSDate+MTExtFormat.h */,
				FDF0DA352004C8F100E53015 /* NSDate+MTExtFormat.m */,
				FDC6FBDA2005B13800DADE06 /* NSDate+MTExtInternetDate.h */,
				FDC6FBDB2005B13800DADE06 /* NSDate+MTExtInternetDate.m */,
			);
			path = NSDate;
			sourceTree = "<group>";
		};
/* End PBXGroup section */

/* Begin PBXHeadersBuildPhase section */
		FDF0DA1C2004B85600E53015 /* Headers */ = {
			isa = PBXHeadersBuildPhase;
			buildActionMask = 2147483647;
			files = (
				FDC6FC0C2005C22800DADE06 /* NSTimer+MTExt.h in Headers */,
				4CB45909203E66D300CA8D38 /* MTFileAction.h in Headers */,
				4CB458F2203E5CEA00CA8D38 /* UIViewController+MTExt2Parameter.h in Headers */,
				4C782C50200F45C400DBE3C2 /* UIColor+MTExt.h in Headers */,
				4CB458E7203E59E900CA8D38 /* AppInfoUtil.h in Headers */,
				4C782C34200F42DD00DBE3C2 /* YYCGUtilities.h in Headers */,
				4CB458CE203E4EAF00CA8D38 /* UserInfoUtil.h in Headers */,
				4C782BEC200F346900DBE3C2 /* NSUserDefaults+MTExt.h in Headers */,
				4C09206320204BFD003A43EC /* MTBannerView.h in Headers */,
				4C782C70200F498C00DBE3C2 /* UIApplication+MTExt.h in Headers */,
				4C782C3C200F43A500DBE3C2 /* UIGestureRecognizer+MTExt.h in Headers */,
				FDC6FBE52005B64500DADE06 /* NSDictionary+MTExtUrlParam.h in Headers */,
				4CB45911203E670600CA8D38 /* AFURLSessionManager+MTDownload.h in Headers */,
				4C782BF2200F35D600DBE3C2 /* CALayer+MTExt.h in Headers */,
				FDC6FBFF2005BFA500DADE06 /* NSString+MTExtFrame.h in Headers */,
				4C782BFD200F372400DBE3C2 /* UIViewController+MTExtBack.h in Headers */,
				FDC6FBF62005BA9300DADE06 /* NSObject+MTExt.h in Headers */,
				4CB45900203E65D500CA8D38 /* MTConstants.h in Headers */,
				4CB458F6203E5D7C00CA8D38 /* MTMediator.h in Headers */,
				4C782C4B200F456F00DBE3C2 /* UIControl+MTExt.h in Headers */,
				4C782C06200F382B00DBE3C2 /* UIView+MTExtTouchArea.h in Headers */,
				4C782C6B200F48A700DBE3C2 /* UIBarButtonItem+MTExt.h in Headers */,
				4C782C5D200F46F200DBE3C2 /* UIButton+MTExtImagePosition.h in Headers */,
				4C0920572020495C003A43EC /* MTBannerCell.h in Headers */,
				4C782C24200F3D4200DBE3C2 /* UINavigationBar+MTExtBGColor.h in Headers */,
				4C782C78200F4B0900DBE3C2 /* YYCategoriesMacro.h in Headers */,
				FDC6FC032005C08400DADE06 /* NSString+MTExtHash.h in Headers */,
				FDF0DA3A2004C9ED00E53015 /* NSDate+MTExt.h in Headers */,
				4CB458E2203E57AF00CA8D38 /* MTAlertUtil.h in Headers */,
				4C782C2E200F3F7100DBE3C2 /* UIImage+MTExt.h in Headers */,
				4C09206820204F46003A43EC /* MTQRCode.h in Headers */,
				4C782BF8200F362900DBE3C2 /* UILabel+MTExt.h in Headers */,
				FDC6FC072005C13200DADE06 /* NSString+MTExtVertify.h in Headers */,
				4C85045C21266FEE00F247AD /* MTLogUtil.h in Headers */,
				FDF0DA312004C62300E53015 /* NSData+MTExt.h in Headers */,
				4CB4590D203E66E400CA8D38 /* MTHttpAction.h in Headers */,
				FDC6FBDC2005B13800DADE06 /* NSDate+MTExtInternetDate.h in Headers */,
				4C782C46200F44AD00DBE3C2 /* UIDevice+MTExt.h in Headers */,
				4CB458DD203E553300CA8D38 /* MTProgressHUD.h in Headers */,
				FDF0DA362004C8F100E53015 /* NSDate+MTExtFormat.h in Headers */,
				4C782C1A200F3C7D00DBE3C2 /* UIScrollView+MTExt.h in Headers */,
				4CB458D3203E530100CA8D38 /* MTDataSource.h in Headers */,
				4C782C10200F399F00DBE3C2 /* UITextField+MTExt.h in Headers */,
				4C782C1F200F3CE000DBE3C2 /* UINavigationController+MTExt.h in Headers */,
				4C782C55200F461600DBE3C2 /* UIButton+MTExt.h in Headers */,
				4C782C66200F485A00DBE3C2 /* UIBezierPath+MTExt.h in Headers */,
				4C782C41200F443000DBE3C2 /* UIFont+MTExt.h in Headers */,
				4CB458FB203E5E3700CA8D38 /* MT_Reachability.h in Headers */,
				4CB45915203E6B8A00CA8D38 /* BaseService.h in Headers */,
				4CB458D8203E548800CA8D38 /* MTQRCodeUtil.h in Headers */,
				4C782C61200F474400DBE3C2 /* UIButton+MTExtLayer.h in Headers */,
				4C782C15200F3B1200DBE3C2 /* UITableView+MTExt.h in Headers */,
				4C782C37200F433300DBE3C2 /* UIImage+MTExtEffect.h in Headers */,
				FDC6FBEA2005B6FD00DADE06 /* NSNumber+MTExt.h in Headers */,
				4C09206F20205367003A43EC /* MT_ComponetHeader.h in Headers */,
				4C09205F20204A36003A43EC /* MTBannerFooter.h in Headers */,
				FDC6FBFB2005BB1700DADE06 /* NSString+MTExt.h in Headers */,
				4C782C59200F46BB00DBE3C2 /* UIButton+MTExtCountDown.h in Headers */,
				4CB45905203E66BA00CA8D38 /* MTAPIClient.h in Headers */,
				4C782C0B200F38E800DBE3C2 /* UITextView+MTExt.h in Headers */,
				FDC6FBE12005B56000DADE06 /* NSDictionary+MTExt.h in Headers */,
				4C09206C20204FAD003A43EC /* MTScanBoxLine.h in Headers */,
				4C782C02200F379F00DBE3C2 /* UIView+MTExt.h in Headers */,
				4C782C29200F3DB100DBE3C2 /* UIImageView+MTExt.h in Headers */,
				FDF0DA242004B85600E53015 /* MTKit.h in Headers */,
			);
			runOnlyForDeploymentPostprocessing = 0;
		};
/* End PBXHeadersBuildPhase section */

/* Begin PBXNativeTarget section */
		FDF0DA1E2004B85600E53015 /* MTKit */ = {
			isa = PBXNativeTarget;
			buildConfigurationList = FDF0DA272004B85600E53015 /* Build configuration list for PBXNativeTarget "MTKit" */;
			buildPhases = (
				87D59A8A5DD67FB089FF9151 /* [CP] Check Pods Manifest.lock */,
				FDF0DA1A2004B85600E53015 /* Sources */,
				FDF0DA1B2004B85600E53015 /* Frameworks */,
				FDF0DA1C2004B85600E53015 /* Headers */,
				FDF0DA1D2004B85600E53015 /* Resources */,
				CE59A1C35D4F12EE3711FB8B /* [CP] Copy Pods Resources */,
			);
			buildRules = (
			);
			dependencies = (
			);
			name = MTKit;
			productName = MTKit;
			productReference = FDF0DA1F2004B85600E53015 /* MTKit.framework */;
			productType = "com.apple.product-type.framework";
		};
/* End PBXNativeTarget section */

/* Begin PBXProject section */
		FDF0DA162004B85600E53015 /* Project object */ = {
			isa = PBXProject;
			attributes = {
				LastUpgradeCheck = 0930;
				ORGANIZATIONNAME = michaelyu;
				TargetAttributes = {
					FDF0DA1E2004B85600E53015 = {
						CreatedOnToolsVersion = 9.1;
						ProvisioningStyle = Automatic;
					};
				};
			};
			buildConfigurationList = FDF0DA192004B85600E53015 /* Build configuration list for PBXProject "MTKit" */;
			compatibilityVersion = "Xcode 8.0";
			developmentRegion = en;
			hasScannedForEncodings = 0;
			knownRegions = (
				en,
			);
			mainGroup = FDF0DA152004B85600E53015;
			productRefGroup = FDF0DA202004B85600E53015 /* Products */;
			projectDirPath = "";
			projectRoot = "";
			targets = (
				FDF0DA1E2004B85600E53015 /* MTKit */,
			);
		};
/* End PBXProject section */

/* Begin PBXResourcesBuildPhase section */
		FDF0DA1D2004B85600E53015 /* Resources */ = {
			isa = PBXResourcesBuildPhase;
			buildActionMask = 2147483647;
			files = (
				4C0920542020491D003A43EC /* MTBanner_arrow@2x.png in Resources */,
			);
			runOnlyForDeploymentPostprocessing = 0;
		};
/* End PBXResourcesBuildPhase section */

/* Begin PBXShellScriptBuildPhase section */
		87D59A8A5DD67FB089FF9151 /* [CP] Check Pods Manifest.lock */ = {
			isa = PBXShellScriptBuildPhase;
			buildActionMask = 2147483647;
			files = (
			);
			inputPaths = (
				"${PODS_PODFILE_DIR_PATH}/Podfile.lock",
				"${PODS_ROOT}/Manifest.lock",
			);
			name = "[CP] Check Pods Manifest.lock";
			outputPaths = (
				"$(DERIVED_FILE_DIR)/Pods-MTKit-checkManifestLockResult.txt",
			);
			runOnlyForDeploymentPostprocessing = 0;
			shellPath = /bin/sh;
			shellScript = "diff \"${PODS_PODFILE_DIR_PATH}/Podfile.lock\" \"${PODS_ROOT}/Manifest.lock\" > /dev/null\nif [ $? != 0 ] ; then\n    # print error to STDERR\n    echo \"error: The sandbox is not in sync with the Podfile.lock. Run 'pod install' or update your CocoaPods installation.\" >&2\n    exit 1\nfi\n# This output is used by Xcode 'outputs' to avoid re-running this script phase.\necho \"SUCCESS\" > \"${SCRIPT_OUTPUT_FILE_0}\"\n";
			showEnvVarsInLog = 0;
		};
		CE59A1C35D4F12EE3711FB8B /* [CP] Copy Pods Resources */ = {
			isa = PBXShellScriptBuildPhase;
			buildActionMask = 2147483647;
			files = (
			);
			inputPaths = (
				"${SRCROOT}/Pods/Target Support Files/Pods-MTKit/Pods-MTKit-resources.sh",
				"${PODS_ROOT}/SVProgressHUD/SVProgressHUD/SVProgressHUD.bundle",
			);
			name = "[CP] Copy Pods Resources";
			outputPaths = (
				"${TARGET_BUILD_DIR}/${UNLOCALIZED_RESOURCES_FOLDER_PATH}/SVProgressHUD.bundle",
			);
			runOnlyForDeploymentPostprocessing = 0;
			shellPath = /bin/sh;
			shellScript = "\"${SRCROOT}/Pods/Target Support Files/Pods-MTKit/Pods-MTKit-resources.sh\"\n";
			showEnvVarsInLog = 0;
		};
/* End PBXShellScriptBuildPhase section */

/* Begin PBXSourcesBuildPhase section */
		FDF0DA1A2004B85600E53015 /* Sources */ = {
			isa = PBXSourcesBuildPhase;
			buildActionMask = 2147483647;
			files = (
				FDC6FBFC2005BB1700DADE06 /* NSString+MTExt.m in Sources */,
				FDC6FBF72005BA9300DADE06 /* NSObject+MTExt.m in Sources */,
				4C782C51200F45C400DBE3C2 /* UIColor+MTExt.m in Sources */,
				FDC6FC042005C08400DADE06 /* NSString+MTExtHash.m in Sources */,
				4C09206920204F46003A43EC /* MTQRCode.m in Sources */,
				4CB458D4203E530100CA8D38 /* MTDataSource.m in Sources */,
				4C782C1B200F3C7D00DBE3C2 /* UIScrollView+MTExt.m in Sources */,
				FDC6FBDD2005B13800DADE06 /* NSDate+MTExtInternetDate.m in Sources */,
				4C782C0C200F38E800DBE3C2 /* UITextView+MTExt.m in Sources */,
				4CB458D9203E548800CA8D38 /* MTQRCodeUtil.m in Sources */,
				4CB4590E203E66E400CA8D38 /* MTHttpAction.m in Sources */,
				4C09206420204BFD003A43EC /* MTBannerView.m in Sources */,
				4C782C67200F485A00DBE3C2 /* UIBezierPath+MTExt.m in Sources */,
				4CB458FC203E5E3700CA8D38 /* MT_Reachability.m in Sources */,
				4C782C5E200F46F200DBE3C2 /* UIButton+MTExtImagePosition.m in Sources */,
				4CB45901203E65D500CA8D38 /* MTConstants.m in Sources */,
				FDC6FC082005C13200DADE06 /* NSString+MTExtVertify.m in Sources */,
				4C782BF9200F362900DBE3C2 /* UILabel+MTExt.m in Sources */,
				4CB458E8203E59E900CA8D38 /* AppInfoUtil.m in Sources */,
				4CB4590A203E66D300CA8D38 /* MTFileAction.m in Sources */,
				4C782C20200F3CE000DBE3C2 /* UINavigationController+MTExt.m in Sources */,
				4CB458F3203E5CEA00CA8D38 /* UIViewController+MTExt2Parameter.m in Sources */,
				4C782C07200F382B00DBE3C2 /* UIView+MTExtTouchArea.m in Sources */,
				4C782C25200F3D4200DBE3C2 /* UINavigationBar+MTExtBGColor.m in Sources */,
				4C782C71200F498C00DBE3C2 /* UIApplication+MTExt.m in Sources */,
				4CB458DE203E553300CA8D38 /* MTProgressHUD.m in Sources */,
				4C782C5A200F46BB00DBE3C2 /* UIButton+MTExtCountDown.m in Sources */,
				4C782BFE200F372400DBE3C2 /* UIViewController+MTExtBack.m in Sources */,
				4C782C56200F461600DBE3C2 /* UIButton+MTExt.m in Sources */,
				4C782C4C200F456F00DBE3C2 /* UIControl+MTExt.m in Sources */,
				FDF0DA372004C8F100E53015 /* NSDate+MTExtFormat.m in Sources */,
				4C782BED200F346900DBE3C2 /* NSUserDefaults+MTExt.m in Sources */,
				4C782C03200F379F00DBE3C2 /* UIView+MTExt.m in Sources */,
				FDC6FC002005BFA500DADE06 /* NSString+MTExtFrame.m in Sources */,
				4C782C38200F433300DBE3C2 /* UIImage+MTExtEffect.m in Sources */,
				FDC6FBE22005B56000DADE06 /* NSDictionary+MTExt.m in Sources */,
				FDC6FBEB2005B6FD00DADE06 /* NSNumber+MTExt.m in Sources */,
				4C85045D21266FEE00F247AD /* MTLogUtil.m in Sources */,
				4CB45916203E6B8A00CA8D38 /* BaseService.m in Sources */,
				4CB45906203E66BA00CA8D38 /* MTAPIClient.m in Sources */,
				4C782C33200F42DD00DBE3C2 /* YYCGUtilities.m in Sources */,
				FDC6FC0D2005C22800DADE06 /* NSTimer+MTExt.m in Sources */,
				4CB45912203E670600CA8D38 /* AFURLSessionManager+MTDownload.m in Sources */,
				4C782C16200F3B1200DBE3C2 /* UITableView+MTExt.m in Sources */,
				4C782C47200F44AD00DBE3C2 /* UIDevice+MTExt.m in Sources */,
				4CB458F7203E5D7C00CA8D38 /* MTMediator.m in Sources */,
				4C782C3D200F43A500DBE3C2 /* UIGestureRecognizer+MTExt.m in Sources */,
				4C09206D20204FAD003A43EC /* MTScanBoxLine.m in Sources */,
				4CB458E3203E57AF00CA8D38 /* MTAlertUtil.m in Sources */,
				FDC6FBE62005B64500DADE06 /* NSDictionary+MTExtUrlParam.m in Sources */,
				4C0920582020495C003A43EC /* MTBannerCell.m in Sources */,
				4C782C2A200F3DB100DBE3C2 /* UIImageView+MTExt.m in Sources */,
				FDF0DA3B2004C9ED00E53015 /* NSDate+MTExt.m in Sources */,
				4C09206020204A36003A43EC /* MTBannerFooter.m in Sources */,
				FDF0DA322004C62300E53015 /* NSData+MTExt.m in Sources */,
				4C782C42200F443000DBE3C2 /* UIFont+MTExt.m in Sources */,
				4C782C11200F399F00DBE3C2 /* UITextField+MTExt.m in Sources */,
				4C782C2F200F3F7100DBE3C2 /* UIImage+MTExt.m in Sources */,
				4C782C6C200F48A700DBE3C2 /* UIBarButtonItem+MTExt.m in Sources */,
				4C782C62200F474400DBE3C2 /* UIButton+MTExtLayer.m in Sources */,
				4CB458CF203E4EAF00CA8D38 /* UserInfoUtil.m in Sources */,
				4C782BF3200F35D600DBE3C2 /* CALayer+MTExt.m in Sources */,
			);
			runOnlyForDeploymentPostprocessing = 0;
		};
/* End PBXSourcesBuildPhase section */

/* Begin XCBuildConfiguration section */
		FDF0DA252004B85600E53015 /* Debug */ = {
			isa = XCBuildConfiguration;
			buildSettings = {
				ALWAYS_SEARCH_USER_PATHS = NO;
				CLANG_ANALYZER_NONNULL = YES;
				CLANG_ANALYZER_NUMBER_OBJECT_CONVERSION = YES_AGGRESSIVE;
				CLANG_CXX_LANGUAGE_STANDARD = "gnu++14";
				CLANG_CXX_LIBRARY = "libc++";
				CLANG_ENABLE_MODULES = YES;
				CLANG_ENABLE_OBJC_ARC = YES;
				CLANG_WARN_BLOCK_CAPTURE_AUTORELEASING = YES;
				CLANG_WARN_BOOL_CONVERSION = YES;
				CLANG_WARN_COMMA = YES;
				CLANG_WARN_CONSTANT_CONVERSION = YES;
				CLANG_WARN_DEPRECATED_OBJC_IMPLEMENTATIONS = YES;
				CLANG_WARN_DIRECT_OBJC_ISA_USAGE = YES_ERROR;
				CLANG_WARN_DOCUMENTATION_COMMENTS = YES;
				CLANG_WARN_EMPTY_BODY = YES;
				CLANG_WARN_ENUM_CONVERSION = YES;
				CLANG_WARN_INFINITE_RECURSION = YES;
				CLANG_WARN_INT_CONVERSION = YES;
				CLANG_WARN_NON_LITERAL_NULL_CONVERSION = YES;
				CLANG_WARN_OBJC_IMPLICIT_RETAIN_SELF = NO;
				CLANG_WARN_OBJC_LITERAL_CONVERSION = YES;
				CLANG_WARN_OBJC_ROOT_CLASS = YES_ERROR;
				CLANG_WARN_RANGE_LOOP_ANALYSIS = YES;
				CLANG_WARN_STRICT_PROTOTYPES = YES;
				CLANG_WARN_SUSPICIOUS_MOVE = YES;
				CLANG_WARN_UNGUARDED_AVAILABILITY = YES_AGGRESSIVE;
				CLANG_WARN_UNREACHABLE_CODE = YES;
				CLANG_WARN__DUPLICATE_METHOD_MATCH = YES;
				CODE_SIGN_IDENTITY = "iPhone Developer";
				COPY_PHASE_STRIP = NO;
				CURRENT_PROJECT_VERSION = 1;
				DEBUG_INFORMATION_FORMAT = dwarf;
				ENABLE_STRICT_OBJC_MSGSEND = YES;
				ENABLE_TESTABILITY = YES;
				GCC_C_LANGUAGE_STANDARD = gnu11;
				GCC_DYNAMIC_NO_PIC = NO;
				GCC_NO_COMMON_BLOCKS = YES;
				GCC_OPTIMIZATION_LEVEL = 0;
				GCC_PREPROCESSOR_DEFINITIONS = (
					"DEBUG=1",
					"$(inherited)",
				);
				GCC_WARN_64_TO_32_BIT_CONVERSION = YES;
				GCC_WARN_ABOUT_RETURN_TYPE = YES_ERROR;
				GCC_WARN_UNDECLARED_SELECTOR = YES;
				GCC_WARN_UNINITIALIZED_AUTOS = YES_AGGRESSIVE;
				GCC_WARN_UNUSED_FUNCTION = YES;
				GCC_WARN_UNUSED_VARIABLE = YES;
				IPHONEOS_DEPLOYMENT_TARGET = 9.3;
				MTL_ENABLE_DEBUG_INFO = YES;
				ONLY_ACTIVE_ARCH = YES;
				SDKROOT = iphoneos;
				VERSIONING_SYSTEM = "apple-generic";
				VERSION_INFO_PREFIX = "";
			};
			name = Debug;
		};
		FDF0DA262004B85600E53015 /* Release */ = {
			isa = XCBuildConfiguration;
			buildSettings = {
				ALWAYS_SEARCH_USER_PATHS = NO;
				CLANG_ANALYZER_NONNULL = YES;
				CLANG_ANALYZER_NUMBER_OBJECT_CONVERSION = YES_AGGRESSIVE;
				CLANG_CXX_LANGUAGE_STANDARD = "gnu++14";
				CLANG_CXX_LIBRARY = "libc++";
				CLANG_ENABLE_MODULES = YES;
				CLANG_ENABLE_OBJC_ARC = YES;
				CLANG_WARN_BLOCK_CAPTURE_AUTORELEASING = YES;
				CLANG_WARN_BOOL_CONVERSION = YES;
				CLANG_WARN_COMMA = YES;
				CLANG_WARN_CONSTANT_CONVERSION = YES;
				CLANG_WARN_DEPRECATED_OBJC_IMPLEMENTATIONS = YES;
				CLANG_WARN_DIRECT_OBJC_ISA_USAGE = YES_ERROR;
				CLANG_WARN_DOCUMENTATION_COMMENTS = YES;
				CLANG_WARN_EMPTY_BODY = YES;
				CLANG_WARN_ENUM_CONVERSION = YES;
				CLANG_WARN_INFINITE_RECURSION = YES;
				CLANG_WARN_INT_CONVERSION = YES;
				CLANG_WARN_NON_LITERAL_NULL_CONVERSION = YES;
				CLANG_WARN_OBJC_IMPLICIT_RETAIN_SELF = NO;
				CLANG_WARN_OBJC_LITERAL_CONVERSION = YES;
				CLANG_WARN_OBJC_ROOT_CLASS = YES_ERROR;
				CLANG_WARN_RANGE_LOOP_ANALYSIS = YES;
				CLANG_WARN_STRICT_PROTOTYPES = YES;
				CLANG_WARN_SUSPICIOUS_MOVE = YES;
				CLANG_WARN_UNGUARDED_AVAILABILITY = YES_AGGRESSIVE;
				CLANG_WARN_UNREACHABLE_CODE = YES;
				CLANG_WARN__DUPLICATE_METHOD_MATCH = YES;
				CODE_SIGN_IDENTITY = "iPhone Developer";
				COPY_PHASE_STRIP = NO;
				CURRENT_PROJECT_VERSION = 1;
				DEBUG_INFORMATION_FORMAT = "dwarf-with-dsym";
				ENABLE_NS_ASSERTIONS = NO;
				ENABLE_STRICT_OBJC_MSGSEND = YES;
				GCC_C_LANGUAGE_STANDARD = gnu11;
				GCC_NO_COMMON_BLOCKS = YES;
				GCC_WARN_64_TO_32_BIT_CONVERSION = YES;
				GCC_WARN_ABOUT_RETURN_TYPE = YES_ERROR;
				GCC_WARN_UNDECLARED_SELECTOR = YES;
				GCC_WARN_UNINITIALIZED_AUTOS = YES_AGGRESSIVE;
				GCC_WARN_UNUSED_FUNCTION = YES;
				GCC_WARN_UNUSED_VARIABLE = YES;
				IPHONEOS_DEPLOYMENT_TARGET = 9.3;
				MTL_ENABLE_DEBUG_INFO = NO;
				SDKROOT = iphoneos;
				VALIDATE_PRODUCT = YES;
				VERSIONING_SYSTEM = "apple-generic";
				VERSION_INFO_PREFIX = "";
			};
			name = Release;
		};
		FDF0DA282004B85600E53015 /* Debug */ = {
			isa = XCBuildConfiguration;
			baseConfigurationReference = 0256BA0E6A032FFAD3E79954 /* Pods-MTKit.debug.xcconfig */;
			buildSettings = {
				CLANG_WARN_STRICT_PROTOTYPES = NO;
				CODE_SIGN_IDENTITY = "";
				CODE_SIGN_STYLE = Automatic;
				DEFINES_MODULE = YES;
				DYLIB_COMPATIBILITY_VERSION = 1;
				DYLIB_CURRENT_VERSION = 1;
				DYLIB_INSTALL_NAME_BASE = "@rpath";
				INFOPLIST_FILE = MTKit/Info.plist;
				INSTALL_PATH = "$(LOCAL_LIBRARY_DIR)/Frameworks";
				IPHONEOS_DEPLOYMENT_TARGET = 9.0;
				LD_RUNPATH_SEARCH_PATHS = "$(inherited) @executable_path/Frameworks @loader_path/Frameworks";
				PRODUCT_BUNDLE_IDENTIFIER = com.michaelyu.mtkit.MTKit;
				PRODUCT_NAME = "$(TARGET_NAME:c99extidentifier)";
				SKIP_INSTALL = YES;
				TARGETED_DEVICE_FAMILY = "1,2";
			};
			name = Debug;
		};
		FDF0DA292004B85600E53015 /* Release */ = {
			isa = XCBuildConfiguration;
			baseConfigurationReference = F1DFFB573B6D1B8CD2FE0B6A /* Pods-MTKit.release.xcconfig */;
			buildSettings = {
				CLANG_WARN_STRICT_PROTOTYPES = NO;
				CODE_SIGN_IDENTITY = "";
				CODE_SIGN_STYLE = Automatic;
				DEFINES_MODULE = YES;
				DYLIB_COMPATIBILITY_VERSION = 1;
				DYLIB_CURRENT_VERSION = 1;
				DYLIB_INSTALL_NAME_BASE = "@rpath";
				INFOPLIST_FILE = MTKit/Info.plist;
				INSTALL_PATH = "$(LOCAL_LIBRARY_DIR)/Frameworks";
				IPHONEOS_DEPLOYMENT_TARGET = 9.0;
				LD_RUNPATH_SEARCH_PATHS = "$(inherited) @executable_path/Frameworks @loader_path/Frameworks";
				PRODUCT_BUNDLE_IDENTIFIER = com.michaelyu.mtkit.MTKit;
				PRODUCT_NAME = "$(TARGET_NAME:c99extidentifier)";
				SKIP_INSTALL = YES;
				TARGETED_DEVICE_FAMILY = "1,2";
			};
			name = Release;
		};
/* End XCBuildConfiguration section */

/* Begin XCConfigurationList section */
		FDF0DA192004B85600E53015 /* Build configuration list for PBXProject "MTKit" */ = {
			isa = XCConfigurationList;
			buildConfigurations = (
				FDF0DA252004B85600E53015 /* Debug */,
				FDF0DA262004B85600E53015 /* Release */,
			);
			defaultConfigurationIsVisible = 0;
			defaultConfigurationName = Release;
		};
		FDF0DA272004B85600E53015 /* Build configuration list for PBXNativeTarget "MTKit" */ = {
			isa = XCConfigurationList;
			buildConfigurations = (
				FDF0DA282004B85600E53015 /* Debug */,
				FDF0DA292004B85600E53015 /* Release */,
			);
			defaultConfigurationIsVisible = 0;
			defaultConfigurationName = Release;
		};
/* End XCConfigurationList section */
	};
	rootObject = FDF0DA162004B85600E53015 /* Project object */;
}
